{
  "version": 4,
  "terraform_version": "1.14.1",
  "serial": 27,
  "lineage": "ae2b1060-766b-832d-ceff-68a2e72dc5ad",
  "outputs": {
    "alb_dns_name": {
      "value": "smartgia-default-alb-1515490320.us-east-1.elb.amazonaws.com",
      "type": "string"
    },
    "bastion_elastic_ip": {
      "value": "52.22.45.159",
      "type": "string"
    },
    "bastion_public_ip": {
      "value": "54.173.197.25",
      "type": "string"
    },
    "private_subnets": {
      "value": [
        "subnet-080ef7ae0b157bbe4",
        "subnet-0af5438933fdec81f"
      ],
      "type": [
        "tuple",
        [
          "string",
          "string"
        ]
      ]
    },
    "public_subnets": {
      "value": [
        "subnet-06a1f6726f44518b3",
        "subnet-0a7704d796735c1a1"
      ],
      "type": [
        "tuple",
        [
          "string",
          "string"
        ]
      ]
    },
    "region": {
      "value": "us-east-1",
      "type": "string"
    },
    "vpc_id": {
      "value": "vpc-0763f47cb425196b5",
      "type": "string"
    }
  },
  "resources": [
    {
      "mode": "managed",
      "type": "aws_autoscaling_group",
      "name": "smartgia_asg",
      "provider": "provider[\"registry.terraform.io/hashicorp/aws\"]",
      "instances": [
        {
          "schema_version": 1,
          "attributes": {
            "arn": "arn:aws:autoscaling:us-east-1:843916523003:autoScalingGroup:94e0f498-032b-4e32-9d31-0c3557f55476:autoScalingGroupName/smartgia-default-asg",
            "availability_zone_distribution": [
              {
                "capacity_distribution_strategy": "balanced-best-effort"
              }
            ],
            "availability_zones": [
              "us-east-1a",
              "us-east-1b"
            ],
            "capacity_rebalance": false,
            "capacity_reservation_specification": [
              {
                "capacity_reservation_preference": "default",
                "capacity_reservation_target": []
              }
            ],
            "context": "",
            "default_cooldown": 300,
            "default_instance_warmup": 0,
            "desired_capacity": 2,
            "desired_capacity_type": "",
            "enabled_metrics": null,
            "force_delete": false,
            "force_delete_warm_pool": false,
            "health_check_grace_period": 60,
            "health_check_type": "ELB",
            "id": "smartgia-default-asg",
            "ignore_failed_scaling_activities": false,
            "initial_lifecycle_hook": [],
            "instance_maintenance_policy": [],
            "instance_refresh": [],
            "launch_configuration": "",
            "launch_template": [
              {
                "id": "lt-0ed2c953a1a290b4e",
                "name": "smartgia-default-lt-20260115002251271000000003",
                "version": "$Latest"
              }
            ],
            "load_balancers": [],
            "max_instance_lifetime": 0,
            "max_size": 4,
            "metrics_granularity": "1Minute",
            "min_elb_capacity": null,
            "min_size": 2,
            "mixed_instances_policy": [],
            "name": "smartgia-default-asg",
            "name_prefix": "",
            "placement_group": "",
            "predicted_capacity": 0,
            "protect_from_scale_in": false,
            "service_linked_role_arn": "arn:aws:iam::843916523003:role/aws-service-role/autoscaling.amazonaws.com/AWSServiceRoleForAutoScaling",
            "suspended_processes": null,
            "tag": [
              {
                "key": "Env",
                "propagate_at_launch": true,
                "value": "default"
              },
              {
                "key": "Name",
                "propagate_at_launch": true,
                "value": "smartgia-default-asg-instance"
              },
              {
                "key": "Owner",
                "propagate_at_launch": true,
                "value": "SMARTGIA"
              },
              {
                "key": "Project",
                "propagate_at_launch": true,
                "value": "smartgia"
              }
            ],
            "target_group_arns": [
              "arn:aws:elasticloadbalancing:us-east-1:843916523003:targetgroup/smartgia-default-tg/a2661a9e732a018d"
            ],
            "termination_policies": null,
            "timeouts": null,
            "traffic_source": [
              {
                "identifier": "arn:aws:elasticloadbalancing:us-east-1:843916523003:targetgroup/smartgia-default-tg/a2661a9e732a018d",
                "type": "elbv2"
              }
            ],
            "vpc_zone_identifier": [
              "subnet-080ef7ae0b157bbe4",
              "subnet-0af5438933fdec81f"
            ],
            "wait_for_capacity_timeout": "10m",
            "wait_for_elb_capacity": null,
            "warm_pool": [],
            "warm_pool_size": 0
          },
          "sensitive_attributes": [],
          "identity_schema_version": 0,
          "private": "eyJlMmJmYjczMC1lY2FhLTExZTYtOGY4OC0zNDM2M2JjN2M0YzAiOnsiZGVsZXRlIjo2MDAwMDAwMDAwMDAsInVwZGF0ZSI6NjAwMDAwMDAwMDAwfSwic2NoZW1hX3ZlcnNpb24iOiIxIn0=",
          "dependencies": [
            "aws_key_pair.bastion_key",
            "aws_launch_template.smartgia_lt",
            "aws_lb_target_group.tg",
            "aws_security_group.alb_sg",
            "aws_security_group.bastion_sg",
            "aws_security_group.private_sg",
            "aws_subnet.private_1",
            "aws_subnet.private_2",
            "aws_vpc.main"
          ],
          "create_before_destroy": true
        }
      ]
    },
    {
      "mode": "managed",
      "type": "aws_eip",
      "name": "bastion_eip",
      "provider": "provider[\"registry.terraform.io/hashicorp/aws\"]",
      "instances": [
        {
          "schema_version": 0,
          "attributes": {
            "address": null,
            "allocation_id": "eipalloc-086df4e6f2627465f",
            "arn": "arn:aws:ec2:us-east-1:843916523003:elastic-ip/eipalloc-086df4e6f2627465f",
            "associate_with_private_ip": null,
            "association_id": "",
            "carrier_ip": "",
            "customer_owned_ip": "",
            "customer_owned_ipv4_pool": "",
            "domain": "vpc",
            "id": "eipalloc-086df4e6f2627465f",
            "instance": "",
            "ipam_pool_id": null,
            "network_border_group": "us-east-1",
            "network_interface": "",
            "private_dns": null,
            "private_ip": "",
            "ptr_record": "",
            "public_dns": "ec2-52-22-45-159.compute-1.amazonaws.com",
            "public_ip": "52.22.45.159",
            "public_ipv4_pool": "amazon",
            "tags": {
              "Env": "default",
              "Name": "smartgia-bastion-eip",
              "Owner": "SMARTGIA",
              "Project": "smartgia"
            },
            "tags_all": {
              "Env": "default",
              "Name": "smartgia-bastion-eip",
              "Owner": "SMARTGIA",
              "Project": "smartgia"
            },
            "timeouts": null,
            "vpc": true
          },
          "sensitive_attributes": [],
          "identity_schema_version": 0,
          "private": "eyJlMmJmYjczMC1lY2FhLTExZTYtOGY4OC0zNDM2M2JjN2M0YzAiOnsiZGVsZXRlIjoxODAwMDAwMDAwMDAsInJlYWQiOjkwMDAwMDAwMDAwMCwidXBkYXRlIjozMDAwMDAwMDAwMDB9fQ=="
        }
      ]
    },
    {
      "mode": "managed",
      "type": "aws_eip",
      "name": "nat_eip",
      "provider": "provider[\"registry.terraform.io/hashicorp/aws\"]",
      "instances": [
        {
          "schema_version": 0,
          "attributes": {
            "address": null,
            "allocation_id": "eipalloc-007d69b63986273b2",
            "arn": "arn:aws:ec2:us-east-1:843916523003:elastic-ip/eipalloc-007d69b63986273b2",
            "associate_with_private_ip": null,
            "association_id": "",
            "carrier_ip": "",
            "customer_owned_ip": "",
            "customer_owned_ipv4_pool": "",
            "domain": "vpc",
            "id": "eipalloc-007d69b63986273b2",
            "instance": "",
            "ipam_pool_id": null,
            "network_border_group": "us-east-1",
            "network_interface": "",
            "private_dns": null,
            "private_ip": "",
            "ptr_record": "",
            "public_dns": "ec2-54-88-91-95.compute-1.amazonaws.com",
            "public_ip": "54.88.91.95",
            "public_ipv4_pool": "amazon",
            "tags": {
              "Env": "default",
              "Name": "smartgia-default-nat-eip",
              "Owner": "SMARTGIA",
              "Project": "smartgia"
            },
            "tags_all": {
              "Env": "default",
              "Name": "smartgia-default-nat-eip",
              "Owner": "SMARTGIA",
              "Project": "smartgia"
            },
            "timeouts": null,
            "vpc": true
          },
          "sensitive_attributes": [],
          "identity_schema_version": 0,
          "private": "eyJlMmJmYjczMC1lY2FhLTExZTYtOGY4OC0zNDM2M2JjN2M0YzAiOnsiZGVsZXRlIjoxODAwMDAwMDAwMDAsInJlYWQiOjkwMDAwMDAwMDAwMCwidXBkYXRlIjozMDAwMDAwMDAwMDB9fQ=="
        }
      ]
    },
    {
      "mode": "managed",
      "type": "aws_eip_association",
      "name": "bastion_eip_assoc",
      "provider": "provider[\"registry.terraform.io/hashicorp/aws\"]",
      "instances": [
        {
          "schema_version": 0,
          "attributes": {
            "allocation_id": "eipalloc-086df4e6f2627465f",
            "allow_reassociation": null,
            "id": "eipassoc-0ee26e577ded56452",
            "instance_id": "i-0f07391e2f54274e9",
            "network_interface_id": "eni-064fd8ed26108cadd",
            "private_ip_address": "10.0.1.145",
            "public_ip": "52.22.45.159"
          },
          "sensitive_attributes": [],
          "identity_schema_version": 0,
          "private": "bnVsbA==",
          "dependencies": [
            "aws_eip.bastion_eip",
            "aws_instance.bastion",
            "aws_key_pair.bastion_key",
            "aws_security_group.bastion_sg",
            "aws_subnet.public_1",
            "aws_vpc.main"
          ]
        }
      ]
    },
    {
      "mode": "managed",
      "type": "aws_instance",
      "name": "bastion",
      "provider": "provider[\"registry.terraform.io/hashicorp/aws\"]",
      "instances": [
        {
          "schema_version": 1,
          "attributes": {
            "ami": "ami-0030e4319cbf4dbf2",
            "arn": "arn:aws:ec2:us-east-1:843916523003:instance/i-0f07391e2f54274e9",
            "associate_public_ip_address": true,
            "availability_zone": "us-east-1a",
            "capacity_reservation_specification": [
              {
                "capacity_reservation_preference": "open",
                "capacity_reservation_target": []
              }
            ],
            "cpu_core_count": 1,
            "cpu_options": [
              {
                "amd_sev_snp": "",
                "core_count": 1,
                "threads_per_core": 1
              }
            ],
            "cpu_threads_per_core": 1,
            "credit_specification": [
              {
                "cpu_credits": "standard"
              }
            ],
            "disable_api_stop": false,
            "disable_api_termination": false,
            "ebs_block_device": [],
            "ebs_optimized": false,
            "enable_primary_ipv6": null,
            "enclave_options": [
              {
                "enabled": false
              }
            ],
            "ephemeral_block_device": [],
            "get_password_data": false,
            "hibernation": false,
            "host_id": "",
            "host_resource_group_arn": null,
            "iam_instance_profile": "",
            "id": "i-0f07391e2f54274e9",
            "instance_initiated_shutdown_behavior": "stop",
            "instance_lifecycle": "",
            "instance_market_options": [],
            "instance_state": "running",
            "instance_type": "t2.micro",
            "ipv6_address_count": 0,
            "ipv6_addresses": [],
            "key_name": "smartgia-default-bastion-key",
            "launch_template": [],
            "maintenance_options": [
              {
                "auto_recovery": "default"
              }
            ],
            "metadata_options": [
              {
                "http_endpoint": "enabled",
                "http_protocol_ipv6": "disabled",
                "http_put_response_hop_limit": 1,
                "http_tokens": "optional",
                "instance_metadata_tags": "disabled"
              }
            ],
            "monitoring": false,
            "network_interface": [],
            "outpost_arn": "",
            "password_data": "",
            "placement_group": "",
            "placement_partition_number": 0,
            "primary_network_interface_id": "eni-064fd8ed26108cadd",
            "private_dns": "ip-10-0-1-145.ec2.internal",
            "private_dns_name_options": [
              {
                "enable_resource_name_dns_a_record": false,
                "enable_resource_name_dns_aaaa_record": false,
                "hostname_type": "ip-name"
              }
            ],
            "private_ip": "10.0.1.145",
            "public_dns": "ec2-54-173-197-25.compute-1.amazonaws.com",
            "public_ip": "54.173.197.25",
            "root_block_device": [
              {
                "delete_on_termination": true,
                "device_name": "/dev/sda1",
                "encrypted": false,
                "iops": 100,
                "kms_key_id": "",
                "tags": {},
                "tags_all": {},
                "throughput": 0,
                "volume_id": "vol-0e946c07fc4fa1b6f",
                "volume_size": 8,
                "volume_type": "gp2"
              }
            ],
            "secondary_private_ips": [],
            "security_groups": [],
            "source_dest_check": true,
            "spot_instance_request_id": "",
            "subnet_id": "subnet-06a1f6726f44518b3",
            "tags": {
              "Env": "default",
              "Name": "smartgia-default-bastion",
              "Owner": "SMARTGIA",
              "Project": "smartgia"
            },
            "tags_all": {
              "Env": "default",
              "Name": "smartgia-default-bastion",
              "Owner": "SMARTGIA",
              "Project": "smartgia"
            },
            "tenancy": "default",
            "timeouts": null,
            "user_data": null,
            "user_data_base64": null,
            "user_data_replace_on_change": false,
            "volume_tags": null,
            "vpc_security_group_ids": [
              "sg-00807eccef9ba4eba"
            ]
          },
          "sensitive_attributes": [],
          "identity_schema_version": 0,
          "private": "eyJlMmJmYjczMC1lY2FhLTExZTYtOGY4OC0zNDM2M2JjN2M0YzAiOnsiY3JlYXRlIjo2MDAwMDAwMDAwMDAsImRlbGV0ZSI6MTIwMDAwMDAwMDAwMCwicmVhZCI6OTAwMDAwMDAwMDAwLCJ1cGRhdGUiOjYwMDAwMDAwMDAwMH0sInNjaGVtYV92ZXJzaW9uIjoiMSJ9",
          "dependencies": [
            "aws_key_pair.bastion_key",
            "aws_security_group.bastion_sg",
            "aws_subnet.public_1",
            "aws_vpc.main"
          ]
        }
      ]
    },
    {
      "mode": "managed",
      "type": "aws_internet_gateway",
      "name": "igw",
      "provider": "provider[\"registry.terraform.io/hashicorp/aws\"]",
      "instances": [
        {
          "schema_version": 0,
          "attributes": {
            "arn": "arn:aws:ec2:us-east-1:843916523003:internet-gateway/igw-0b2bcdac0b30f2b69",
            "id": "igw-0b2bcdac0b30f2b69",
            "owner_id": "843916523003",
            "tags": {
              "Env": "default",
              "Name": "smartgia-default-igw",
              "Owner": "SMARTGIA",
              "Project": "smartgia"
            },
            "tags_all": {
              "Env": "default",
              "Name": "smartgia-default-igw",
              "Owner": "SMARTGIA",
              "Project": "smartgia"
            },
            "timeouts": null,
            "vpc_id": "vpc-0763f47cb425196b5"
          },
          "sensitive_attributes": [],
          "identity_schema_version": 0,
          "private": "eyJlMmJmYjczMC1lY2FhLTExZTYtOGY4OC0zNDM2M2JjN2M0YzAiOnsiY3JlYXRlIjoxMjAwMDAwMDAwMDAwLCJkZWxldGUiOjEyMDAwMDAwMDAwMDAsInVwZGF0ZSI6MTIwMDAwMDAwMDAwMH19",
          "dependencies": [
            "aws_vpc.main"
          ]
        }
      ]
    },
    {
      "mode": "managed",
      "type": "aws_key_pair",
      "name": "bastion_key",
      "provider": "provider[\"registry.terraform.io/hashicorp/aws\"]",
      "instances": [
        {
          "schema_version": 1,
          "attributes": {
            "arn": "arn:aws:ec2:us-east-1:843916523003:key-pair/smartgia-default-bastion-key",
            "fingerprint": "ee:1a:08:40:30:c4:b5:17:5b:6f:5f:13:31:d5:61:97",
            "id": "smartgia-default-bastion-key",
            "key_name": "smartgia-default-bastion-key",
            "key_name_prefix": "",
            "key_pair_id": "key-0e072d3310d0bdcca",
            "key_type": "rsa",
            "public_key": "ssh-rsa AAAAB3NzaC1yc2EAAAADAQABAAACAQDTU2tyQ99ES1tutziQukUA5G5KLUcehO0Tny8hLPmmOlw/rL1zkflvqVJnukXtw8Rc0hH9Mds+Tpg+T6QRB3idHzWtujeOvyzeE/ahtB0xbimiuOzjKC2EpHjqwQ9JcDuGs+/N7UobO5uWt6+7yBHtypT8OOk4A8L5VN810sparxAj9UwkvOvAsHD5ldXB5mMsjPnkWNPRHE4XVBYhCBpv/UOlzuDnRK+vD3svjKMYAXgi8U58CJ+f4vD09+jvDUYPfoaCBfydratViX1lea5ti2KRAoZk+dZM0RXCJiNxzBDT7ML0KkSOXqJQCgsil4X5KEp92na1PcWrh6cEeVL9C3Xo/l1jcJzEs3y6Z9dNWR+BXxC6msYAqLuoIqNFtpzevOiByfUGaS8HKCUSJnXXaizFHG7HDsO9nZXXJ4lM1w3qfIMQQGDuozfyHibuUsjKFnzAmJKCo4kQuaz39jFm/kX+mhpZphroDN8aCKN+xtdK8ywmyq2RYFbHpM4xmEAyh4rHF/nb/wTrFPOixJDjhR/zULnsVunUzLA1TTLY9ZVSLje4w17bUAHsWsif4bsyJpVgdMYga3TWFEj6yed/RqnlgH7xcC5FzayxGpEek+lPJ7NUg8dxub/VJZFa+RmnyirHr4i7fhnmUnmSNXP2s+mGcHj1VE6is4/H0QbcVw== usuario@LAPTOP-A1O95KFV",
            "tags": {
              "Env": "default",
              "Name": "smartgia-default-bastion-key",
              "Owner": "SMARTGIA",
              "Project": "smartgia"
            },
            "tags_all": {
              "Env": "default",
              "Name": "smartgia-default-bastion-key",
              "Owner": "SMARTGIA",
              "Project": "smartgia"
            }
          },
          "sensitive_attributes": [],
          "identity_schema_version": 0,
          "private": "eyJzY2hlbWFfdmVyc2lvbiI6IjEifQ==",
          "create_before_destroy": true
        }
      ]
    },
    {
      "mode": "managed",
      "type": "aws_launch_template",
      "name": "smartgia_lt",
      "provider": "provider[\"registry.terraform.io/hashicorp/aws\"]",
      "instances": [
        {
          "schema_version": 0,
          "attributes": {
            "arn": "arn:aws:ec2:us-east-1:843916523003:launch-template/lt-0ed2c953a1a290b4e",
            "block_device_mappings": [],
            "capacity_reservation_specification": [],
            "cpu_options": [],
            "credit_specification": [],
            "default_version": 1,
            "description": "",
            "disable_api_stop": false,
            "disable_api_termination": false,
            "ebs_optimized": "",
            "elastic_gpu_specifications": [],
            "elastic_inference_accelerator": [],
            "enclave_options": [],
            "hibernation_options": [],
            "iam_instance_profile": [],
            "id": "lt-0ed2c953a1a290b4e",
            "image_id": "ami-0030e4319cbf4dbf2",
            "instance_initiated_shutdown_behavior": "",
            "instance_market_options": [],
            "instance_requirements": [],
            "instance_type": "t2.micro",
            "kernel_id": "",
            "key_name": "smartgia-default-bastion-key",
            "latest_version": 1,
            "license_specification": [],
            "maintenance_options": [],
            "metadata_options": [],
            "monitoring": [],
            "name": "smartgia-default-lt-20260115002251271000000003",
            "name_prefix": "smartgia-default-lt-",
            "network_interfaces": [],
            "placement": [],
            "private_dns_name_options": [],
            "ram_disk_id": "",
            "security_group_names": null,
            "tag_specifications": [
              {
                "resource_type": "instance",
                "tags": {
                  "Env": "default",
                  "Name": "smartgia-default-asg-instance",
                  "Owner": "SMARTGIA",
                  "Project": "smartgia"
                }
              }
            ],
            "tags": {
              "Env": "default",
              "Name": "smartgia-default-launch-template",
              "Owner": "SMARTGIA",
              "Project": "smartgia"
            },
            "tags_all": {
              "Env": "default",
              "Name": "smartgia-default-launch-template",
              "Owner": "SMARTGIA",
              "Project": "smartgia"
            },
            "update_default_version": null,
            "user_data": "IyEvYmluL2Jhc2gNCnN1ZG8gYXB0IHVwZGF0ZSAteQ0Kc3VkbyBhcHQgaW5zdGFsbCBuZ2lueCAteQ0KDQpQUklWQVRFX0lQPSQoaG9zdG5hbWUgLUkgfCBhd2sgJ3twcmludCAkMX0nKQ0KDQpzdWRvIHRlZSAvdmFyL3d3dy9odG1sL2luZGV4Lmh0bWwgPiAvZGV2L251bGwgPDxIVE1MDQo8IURPQ1RZUEUgaHRtbD4NCjxodG1sIGxhbmc9ImVuIj4NCjxoZWFkPg0KICA8bWV0YSBjaGFyc2V0PSJVVEYtOCI+DQogIDx0aXRsZT5TTUFSVEdJQSAtIEF1dG8gU2NhbGluZzwvdGl0bGU+DQogIDxzdHlsZT4NCiAgICBib2R5IHsNCiAgICAgIGZvbnQtZmFtaWx5OiBBcmlhbCwgc2Fucy1zZXJpZjsNCiAgICAgIGJhY2tncm91bmQ6ICNmNWY3ZmE7DQogICAgICB0ZXh0LWFsaWduOiBjZW50ZXI7DQogICAgICBwYWRkaW5nLXRvcDogODBweDsNCiAgICB9DQogICAgLmNhcmQgew0KICAgICAgYmFja2dyb3VuZDogd2hpdGU7DQogICAgICB3aWR0aDogNTAwcHg7DQogICAgICBtYXJnaW46IGF1dG87DQogICAgICBwYWRkaW5nOiA0MHB4Ow0KICAgICAgYm9yZGVyLXJhZGl1czogMTVweDsNCiAgICAgIGJveC1zaGFkb3c6IDBweCA1cHggMjBweCByZ2JhKDAsMCwwLDAuMik7DQogICAgfQ0KICAgIGgxIHsNCiAgICAgIGNvbG9yOiAjMmMzZTUwOw0KICAgICAgZm9udC1zaXplOiAzMnB4Ow0KICAgICAgbWFyZ2luLWJvdHRvbTogMTBweDsNCiAgICB9DQogICAgcCB7DQogICAgICBmb250LXNpemU6IDE4cHg7DQogICAgICBjb2xvcjogIzU1NTsNCiAgICB9DQogICAgLmlwIHsNCiAgICAgIGZvbnQtc2l6ZTogMjJweDsNCiAgICAgIGZvbnQtd2VpZ2h0OiBib2xkOw0KICAgICAgY29sb3I6ICMyN2FlNjA7DQogICAgICBtYXJnaW4tdG9wOiAxNXB4Ow0KICAgIH0NCiAgICAuZm9vdGVyIHsNCiAgICAgIG1hcmdpbi10b3A6IDMwcHg7DQogICAgICBmb250LXNpemU6IDE0cHg7DQogICAgICBjb2xvcjogIzg4ODsNCiAgICB9DQogIDwvc3R5bGU+DQo8L2hlYWQ+DQo8Ym9keT4NCiAgPGRpdiBjbGFzcz0iY2FyZCI+DQogICAgPGgxPlNNQVJUR0lBIEFVVE8gU0NBTElORyBJTlNUQU5DRTwvaDE+DQogICAgPHA+VGhpcyBpbnN0YW5jZSBpcyBydW5uaW5nIHN1Y2Nlc3NmdWxseSBpbnNpZGUgeW91ciBBdXRvIFNjYWxpbmcgR3JvdXAuPC9wPg0KICAgIDxkaXYgY2xhc3M9ImlwIj5Qcml2YXRlIElQOiAkUFJJVkFURV9JUDwvZGl2Pg0KICAgIDxkaXYgY2xhc3M9ImZvb3RlciI+QVdTICsgVGVycmFmb3JtIHwgSGlnaCBBdmFpbGFiaWxpdHkgUHJvamVjdDwvZGl2Pg0KICA8L2Rpdj4NCjwvYm9keT4NCjwvaHRtbD4NCkhUTUwNCg0Kc3VkbyBzeXN0ZW1jdGwgZW5hYmxlIG5naW54DQpzdWRvIHN5c3RlbWN0bCByZXN0YXJ0IG5naW54DQo=",
            "vpc_security_group_ids": [
              "sg-0242d2bd2d3fe09e9"
            ]
          },
          "sensitive_attributes": [],
          "identity_schema_version": 0,
          "private": "bnVsbA==",
          "dependencies": [
            "aws_key_pair.bastion_key",
            "aws_security_group.alb_sg",
            "aws_security_group.bastion_sg",
            "aws_security_group.private_sg",
            "aws_vpc.main"
          ],
          "create_before_destroy": true
        }
      ]
    },
    {
      "mode": "managed",
      "type": "aws_lb",
      "name": "alb",
      "provider": "provider[\"registry.terraform.io/hashicorp/aws\"]",
      "instances": [
        {
          "schema_version": 0,
          "attributes": {
            "access_logs": [
              {
                "bucket": "",
                "enabled": false,
                "prefix": ""
              }
            ],
            "arn": "arn:aws:elasticloadbalancing:us-east-1:843916523003:loadbalancer/app/smartgia-default-alb/bc0c3209687a8618",
            "arn_suffix": "app/smartgia-default-alb/bc0c3209687a8618",
            "client_keep_alive": 3600,
            "connection_logs": [
              {
                "bucket": "",
                "enabled": false,
                "prefix": ""
              }
            ],
            "customer_owned_ipv4_pool": "",
            "desync_mitigation_mode": "defensive",
            "dns_name": "smartgia-default-alb-1515490320.us-east-1.elb.amazonaws.com",
            "dns_record_client_routing_policy": null,
            "drop_invalid_header_fields": false,
            "enable_cross_zone_load_balancing": true,
            "enable_deletion_protection": false,
            "enable_http2": true,
            "enable_tls_version_and_cipher_suite_headers": false,
            "enable_waf_fail_open": false,
            "enable_xff_client_port": false,
            "enable_zonal_shift": false,
            "enforce_security_group_inbound_rules_on_private_link_traffic": "",
            "id": "arn:aws:elasticloadbalancing:us-east-1:843916523003:loadbalancer/app/smartgia-default-alb/bc0c3209687a8618",
            "idle_timeout": 60,
            "internal": false,
            "ip_address_type": "ipv4",
            "ipam_pools": [],
            "load_balancer_type": "application",
            "minimum_load_balancer_capacity": [],
            "name": "smartgia-default-alb",
            "name_prefix": "",
            "preserve_host_header": false,
            "security_groups": [
              "sg-082a07360653a9684"
            ],
            "subnet_mapping": [
              {
                "allocation_id": "",
                "ipv6_address": "",
                "outpost_id": "",
                "private_ipv4_address": "",
                "subnet_id": "subnet-06a1f6726f44518b3"
              },
              {
                "allocation_id": "",
                "ipv6_address": "",
                "outpost_id": "",
                "private_ipv4_address": "",
                "subnet_id": "subnet-0a7704d796735c1a1"
              }
            ],
            "subnets": [
              "subnet-06a1f6726f44518b3",
              "subnet-0a7704d796735c1a1"
            ],
            "tags": {
              "Env": "default",
              "Name": "smartgia-default-alb",
              "Owner": "SMARTGIA",
              "Project": "smartgia"
            },
            "tags_all": {
              "Env": "default",
              "Name": "smartgia-default-alb",
              "Owner": "SMARTGIA",
              "Project": "smartgia"
            },
            "timeouts": null,
            "vpc_id": "vpc-0763f47cb425196b5",
            "xff_header_processing_mode": "append",
            "zone_id": "Z35SXDOTRQ7X7K"
          },
          "sensitive_attributes": [],
          "identity_schema_version": 0,
          "private": "eyJlMmJmYjczMC1lY2FhLTExZTYtOGY4OC0zNDM2M2JjN2M0YzAiOnsiY3JlYXRlIjo2MDAwMDAwMDAwMDAsImRlbGV0ZSI6NjAwMDAwMDAwMDAwLCJ1cGRhdGUiOjYwMDAwMDAwMDAwMH19",
          "dependencies": [
            "aws_security_group.alb_sg",
            "aws_subnet.public_1",
            "aws_subnet.public_2",
            "aws_vpc.main"
          ]
        }
      ]
    },
    {
      "mode": "managed",
      "type": "aws_lb_listener",
      "name": "http_listener",
      "provider": "provider[\"registry.terraform.io/hashicorp/aws\"]",
      "instances": [
        {
          "schema_version": 0,
          "attributes": {
            "alpn_policy": null,
            "arn": "arn:aws:elasticloadbalancing:us-east-1:843916523003:listener/app/smartgia-default-alb/bc0c3209687a8618/0acaf660851b3c09",
            "certificate_arn": null,
            "default_action": [
              {
                "authenticate_cognito": [],
                "authenticate_oidc": [],
                "fixed_response": [],
                "forward": [],
                "order": 1,
                "redirect": [],
                "target_group_arn": "arn:aws:elasticloadbalancing:us-east-1:843916523003:targetgroup/smartgia-default-tg/a2661a9e732a018d",
                "type": "forward"
              }
            ],
            "id": "arn:aws:elasticloadbalancing:us-east-1:843916523003:listener/app/smartgia-default-alb/bc0c3209687a8618/0acaf660851b3c09",
            "load_balancer_arn": "arn:aws:elasticloadbalancing:us-east-1:843916523003:loadbalancer/app/smartgia-default-alb/bc0c3209687a8618",
            "mutual_authentication": [],
            "port": 80,
            "protocol": "HTTP",
            "routing_http_request_x_amzn_mtls_clientcert_header_name": null,
            "routing_http_request_x_amzn_mtls_clientcert_issuer_header_name": null,
            "routing_http_request_x_amzn_mtls_clientcert_leaf_header_name": null,
            "routing_http_request_x_amzn_mtls_clientcert_serial_number_header_name": null,
            "routing_http_request_x_amzn_mtls_clientcert_subject_header_name": null,
            "routing_http_request_x_amzn_mtls_clientcert_validity_header_name": null,
            "routing_http_request_x_amzn_tls_cipher_suite_header_name": null,
            "routing_http_request_x_amzn_tls_version_header_name": null,
            "routing_http_response_access_control_allow_credentials_header_value": "",
            "routing_http_response_access_control_allow_headers_header_value": "",
            "routing_http_response_access_control_allow_methods_header_value": "",
            "routing_http_response_access_control_allow_origin_header_value": "",
            "routing_http_response_access_control_expose_headers_header_value": "",
            "routing_http_response_access_control_max_age_header_value": "",
            "routing_http_response_content_security_policy_header_value": "",
            "routing_http_response_server_enabled": true,
            "routing_http_response_strict_transport_security_header_value": "",
            "routing_http_response_x_content_type_options_header_value": "",
            "routing_http_response_x_frame_options_header_value": "",
            "ssl_policy": "",
            "tags": null,
            "tags_all": {},
            "tcp_idle_timeout_seconds": null,
            "timeouts": null
          },
          "sensitive_attributes": [],
          "identity_schema_version": 0,
          "private": "eyJlMmJmYjczMC1lY2FhLTExZTYtOGY4OC0zNDM2M2JjN2M0YzAiOnsiY3JlYXRlIjozMDAwMDAwMDAwMDAsInVwZGF0ZSI6MzAwMDAwMDAwMDAwfX0=",
          "dependencies": [
            "aws_lb.alb",
            "aws_lb_target_group.tg",
            "aws_security_group.alb_sg",
            "aws_subnet.public_1",
            "aws_subnet.public_2",
            "aws_vpc.main"
          ]
        }
      ]
    },
    {
      "mode": "managed",
      "type": "aws_lb_target_group",
      "name": "tg",
      "provider": "provider[\"registry.terraform.io/hashicorp/aws\"]",
      "instances": [
        {
          "schema_version": 0,
          "attributes": {
            "arn": "arn:aws:elasticloadbalancing:us-east-1:843916523003:targetgroup/smartgia-default-tg/a2661a9e732a018d",
            "arn_suffix": "targetgroup/smartgia-default-tg/a2661a9e732a018d",
            "connection_termination": null,
            "deregistration_delay": "30",
            "health_check": [
              {
                "enabled": true,
                "healthy_threshold": 2,
                "interval": 30,
                "matcher": "200-399",
                "path": "/",
                "port": "traffic-port",
                "protocol": "HTTP",
                "timeout": 5,
                "unhealthy_threshold": 2
              }
            ],
            "id": "arn:aws:elasticloadbalancing:us-east-1:843916523003:targetgroup/smartgia-default-tg/a2661a9e732a018d",
            "ip_address_type": "ipv4",
            "lambda_multi_value_headers_enabled": false,
            "load_balancer_arns": [],
            "load_balancing_algorithm_type": "round_robin",
            "load_balancing_anomaly_mitigation": "off",
            "load_balancing_cross_zone_enabled": "use_load_balancer_configuration",
            "name": "smartgia-default-tg",
            "name_prefix": "",
            "port": 80,
            "preserve_client_ip": null,
            "protocol": "HTTP",
            "protocol_version": "HTTP1",
            "proxy_protocol_v2": false,
            "slow_start": 0,
            "stickiness": [
              {
                "cookie_duration": 86400,
                "cookie_name": "",
                "enabled": false,
                "type": "lb_cookie"
              }
            ],
            "tags": {
              "Env": "default",
              "Name": "smartgia-default-tg",
              "Owner": "SMARTGIA",
              "Project": "smartgia"
            },
            "tags_all": {
              "Env": "default",
              "Name": "smartgia-default-tg",
              "Owner": "SMARTGIA",
              "Project": "smartgia"
            },
            "target_failover": [
              {
                "on_deregistration": null,
                "on_unhealthy": null
              }
            ],
            "target_group_health": [
              {
                "dns_failover": [
                  {
                    "minimum_healthy_targets_count": "1",
                    "minimum_healthy_targets_percentage": "off"
                  }
                ],
                "unhealthy_state_routing": [
                  {
                    "minimum_healthy_targets_count": 1,
                    "minimum_healthy_targets_percentage": "off"
                  }
                ]
              }
            ],
            "target_health_state": [
              {
                "enable_unhealthy_connection_termination": null,
                "unhealthy_draining_interval": null
              }
            ],
            "target_type": "instance",
            "vpc_id": "vpc-0763f47cb425196b5"
          },
          "sensitive_attributes": [],
          "identity_schema_version": 0,
          "private": "bnVsbA==",
          "dependencies": [
            "aws_vpc.main"
          ],
          "create_before_destroy": true
        }
      ]
    },
    {
      "mode": "managed",
      "type": "aws_nat_gateway",
      "name": "nat",
      "provider": "provider[\"registry.terraform.io/hashicorp/aws\"]",
      "instances": [
        {
          "schema_version": 0,
          "attributes": {
            "allocation_id": "eipalloc-007d69b63986273b2",
            "association_id": "eipassoc-0a186e76c46bd36ef",
            "connectivity_type": "public",
            "id": "nat-05d19b3a9e0a67e73",
            "network_interface_id": "eni-0225ac294610b0439",
            "private_ip": "10.0.1.114",
            "public_ip": "54.88.91.95",
            "secondary_allocation_ids": null,
            "secondary_private_ip_address_count": 0,
            "secondary_private_ip_addresses": [],
            "subnet_id": "subnet-06a1f6726f44518b3",
            "tags": {
              "Env": "default",
              "Name": "smartgia-default-nat",
              "Owner": "SMARTGIA",
              "Project": "smartgia"
            },
            "tags_all": {
              "Env": "default",
              "Name": "smartgia-default-nat",
              "Owner": "SMARTGIA",
              "Project": "smartgia"
            },
            "timeouts": null
          },
          "sensitive_attributes": [],
          "identity_schema_version": 0,
          "private": "eyJlMmJmYjczMC1lY2FhLTExZTYtOGY4OC0zNDM2M2JjN2M0YzAiOnsiY3JlYXRlIjo2MDAwMDAwMDAwMDAsImRlbGV0ZSI6MTgwMDAwMDAwMDAwMCwidXBkYXRlIjo2MDAwMDAwMDAwMDB9fQ==",
          "dependencies": [
            "aws_eip.nat_eip",
            "aws_internet_gateway.igw",
            "aws_subnet.public_1",
            "aws_vpc.main"
          ]
        }
      ]
    },
    {
      "mode": "managed",
      "type": "aws_route_table",
      "name": "private",
      "provider": "provider[\"registry.terraform.io/hashicorp/aws\"]",
      "instances": [
        {
          "schema_version": 0,
          "attributes": {
            "arn": "arn:aws:ec2:us-east-1:843916523003:route-table/rtb-07c0b946bf058f346",
            "id": "rtb-07c0b946bf058f346",
            "owner_id": "843916523003",
            "propagating_vgws": [],
            "route": [
              {
                "carrier_gateway_id": "",
                "cidr_block": "0.0.0.0/0",
                "core_network_arn": "",
                "destination_prefix_list_id": "",
                "egress_only_gateway_id": "",
                "gateway_id": "",
                "ipv6_cidr_block": "",
                "local_gateway_id": "",
                "nat_gateway_id": "nat-05d19b3a9e0a67e73",
                "network_interface_id": "",
                "transit_gateway_id": "",
                "vpc_endpoint_id": "",
                "vpc_peering_connection_id": ""
              }
            ],
            "tags": {
              "Env": "default",
              "Name": "smartgia-default-private-rt",
              "Owner": "SMARTGIA",
              "Project": "smartgia"
            },
            "tags_all": {
              "Env": "default",
              "Name": "smartgia-default-private-rt",
              "Owner": "SMARTGIA",
              "Project": "smartgia"
            },
            "timeouts": null,
            "vpc_id": "vpc-0763f47cb425196b5"
          },
          "sensitive_attributes": [],
          "identity_schema_version": 0,
          "private": "eyJlMmJmYjczMC1lY2FhLTExZTYtOGY4OC0zNDM2M2JjN2M0YzAiOnsiY3JlYXRlIjozMDAwMDAwMDAwMDAsImRlbGV0ZSI6MzAwMDAwMDAwMDAwLCJ1cGRhdGUiOjEyMDAwMDAwMDAwMH19",
          "dependencies": [
            "aws_eip.nat_eip",
            "aws_internet_gateway.igw",
            "aws_nat_gateway.nat",
            "aws_subnet.public_1",
            "aws_vpc.main"
          ]
        }
      ]
    },
    {
      "mode": "managed",
      "type": "aws_route_table",
      "name": "public",
      "provider": "provider[\"registry.terraform.io/hashicorp/aws\"]",
      "instances": [
        {
          "schema_version": 0,
          "attributes": {
            "arn": "arn:aws:ec2:us-east-1:843916523003:route-table/rtb-06b66240be674a753",
            "id": "rtb-06b66240be674a753",
            "owner_id": "843916523003",
            "propagating_vgws": [],
            "route": [
              {
                "carrier_gateway_id": "",
                "cidr_block": "0.0.0.0/0",
                "core_network_arn": "",
                "destination_prefix_list_id": "",
                "egress_only_gateway_id": "",
                "gateway_id": "igw-0b2bcdac0b30f2b69",
                "ipv6_cidr_block": "",
                "local_gateway_id": "",
                "nat_gateway_id": "",
                "network_interface_id": "",
                "transit_gateway_id": "",
                "vpc_endpoint_id": "",
                "vpc_peering_connection_id": ""
              }
            ],
            "tags": {
              "Env": "default",
              "Name": "smartgia-default-public-rt",
              "Owner": "SMARTGIA",
              "Project": "smartgia"
            },
            "tags_all": {
              "Env": "default",
              "Name": "smartgia-default-public-rt",
              "Owner": "SMARTGIA",
              "Project": "smartgia"
            },
            "timeouts": null,
            "vpc_id": "vpc-0763f47cb425196b5"
          },
          "sensitive_attributes": [],
          "identity_schema_version": 0,
          "private": "eyJlMmJmYjczMC1lY2FhLTExZTYtOGY4OC0zNDM2M2JjN2M0YzAiOnsiY3JlYXRlIjozMDAwMDAwMDAwMDAsImRlbGV0ZSI6MzAwMDAwMDAwMDAwLCJ1cGRhdGUiOjEyMDAwMDAwMDAwMH19",
          "dependencies": [
            "aws_internet_gateway.igw",
            "aws_vpc.main"
          ]
        }
      ]
    },
    {
      "mode": "managed",
      "type": "aws_route_table_association",
      "name": "private_1",
      "provider": "provider[\"registry.terraform.io/hashicorp/aws\"]",
      "instances": [
        {
          "schema_version": 0,
          "attributes": {
            "gateway_id": "",
            "id": "rtbassoc-07d649a9e8199d505",
            "route_table_id": "rtb-07c0b946bf058f346",
            "subnet_id": "subnet-080ef7ae0b157bbe4",
            "timeouts": null
          },
          "sensitive_attributes": [],
          "identity_schema_version": 0,
          "private": "eyJlMmJmYjczMC1lY2FhLTExZTYtOGY4OC0zNDM2M2JjN2M0YzAiOnsiY3JlYXRlIjozMDAwMDAwMDAwMDAsImRlbGV0ZSI6MzAwMDAwMDAwMDAwLCJ1cGRhdGUiOjEyMDAwMDAwMDAwMH19",
          "dependencies": [
            "aws_eip.nat_eip",
            "aws_internet_gateway.igw",
            "aws_nat_gateway.nat",
            "aws_route_table.private",
            "aws_subnet.private_1",
            "aws_subnet.public_1",
            "aws_vpc.main"
          ]
        }
      ]
    },
    {
      "mode": "managed",
      "type": "aws_route_table_association",
      "name": "private_2",
      "provider": "provider[\"registry.terraform.io/hashicorp/aws\"]",
      "instances": [
        {
          "schema_version": 0,
          "attributes": {
            "gateway_id": "",
            "id": "rtbassoc-02d72b5b0019af865",
            "route_table_id": "rtb-07c0b946bf058f346",
            "subnet_id": "subnet-0af5438933fdec81f",
            "timeouts": null
          },
          "sensitive_attributes": [],
          "identity_schema_version": 0,
          "private": "eyJlMmJmYjczMC1lY2FhLTExZTYtOGY4OC0zNDM2M2JjN2M0YzAiOnsiY3JlYXRlIjozMDAwMDAwMDAwMDAsImRlbGV0ZSI6MzAwMDAwMDAwMDAwLCJ1cGRhdGUiOjEyMDAwMDAwMDAwMH19",
          "dependencies": [
            "aws_eip.nat_eip",
            "aws_internet_gateway.igw",
            "aws_nat_gateway.nat",
            "aws_route_table.private",
            "aws_subnet.private_2",
            "aws_subnet.public_1",
            "aws_vpc.main"
          ]
        }
      ]
    },
    {
      "mode": "managed",
      "type": "aws_route_table_association",
      "name": "public_1",
      "provider": "provider[\"registry.terraform.io/hashicorp/aws\"]",
      "instances": [
        {
          "schema_version": 0,
          "attributes": {
            "gateway_id": "",
            "id": "rtbassoc-00d3c5f2d9cd05c48",
            "route_table_id": "rtb-06b66240be674a753",
            "subnet_id": "subnet-06a1f6726f44518b3",
            "timeouts": null
          },
          "sensitive_attributes": [],
          "identity_schema_version": 0,
          "private": "eyJlMmJmYjczMC1lY2FhLTExZTYtOGY4OC0zNDM2M2JjN2M0YzAiOnsiY3JlYXRlIjozMDAwMDAwMDAwMDAsImRlbGV0ZSI6MzAwMDAwMDAwMDAwLCJ1cGRhdGUiOjEyMDAwMDAwMDAwMH19",
          "dependencies": [
            "aws_internet_gateway.igw",
            "aws_route_table.public",
            "aws_subnet.public_1",
            "aws_vpc.main"
          ]
        }
      ]
    },
    {
      "mode": "managed",
      "type": "aws_route_table_association",
      "name": "public_2",
      "provider": "provider[\"registry.terraform.io/hashicorp/aws\"]",
      "instances": [
        {
          "schema_version": 0,
          "attributes": {
            "gateway_id": "",
            "id": "rtbassoc-059078895709981c7",
            "route_table_id": "rtb-06b66240be674a753",
            "subnet_id": "subnet-0a7704d796735c1a1",
            "timeouts": null
          },
          "sensitive_attributes": [],
          "identity_schema_version": 0,
          "private": "eyJlMmJmYjczMC1lY2FhLTExZTYtOGY4OC0zNDM2M2JjN2M0YzAiOnsiY3JlYXRlIjozMDAwMDAwMDAwMDAsImRlbGV0ZSI6MzAwMDAwMDAwMDAwLCJ1cGRhdGUiOjEyMDAwMDAwMDAwMH19",
          "dependencies": [
            "aws_internet_gateway.igw",
            "aws_route_table.public",
            "aws_subnet.public_2",
            "aws_vpc.main"
          ]
        }
      ]
    },
    {
      "mode": "managed",
      "type": "aws_security_group",
      "name": "alb_sg",
      "provider": "provider[\"registry.terraform.io/hashicorp/aws\"]",
      "instances": [
        {
          "schema_version": 1,
          "attributes": {
            "arn": "arn:aws:ec2:us-east-1:843916523003:security-group/sg-082a07360653a9684",
            "description": "Allow HTTP/HTTPS inbound traffic",
            "egress": [
              {
                "cidr_blocks": [
                  "0.0.0.0/0"
                ],
                "description": "Allow all outbound",
                "from_port": 0,
                "ipv6_cidr_blocks": [],
                "prefix_list_ids": [],
                "protocol": "-1",
                "security_groups": [],
                "self": false,
                "to_port": 0
              }
            ],
            "id": "sg-082a07360653a9684",
            "ingress": [
              {
                "cidr_blocks": [
                  "0.0.0.0/0"
                ],
                "description": "HTTP",
                "from_port": 80,
                "ipv6_cidr_blocks": [],
                "prefix_list_ids": [],
                "protocol": "tcp",
                "security_groups": [],
                "self": false,
                "to_port": 80
              },
              {
                "cidr_blocks": [
                  "0.0.0.0/0"
                ],
                "description": "HTTPS",
                "from_port": 443,
                "ipv6_cidr_blocks": [],
                "prefix_list_ids": [],
                "protocol": "tcp",
                "security_groups": [],
                "self": false,
                "to_port": 443
              }
            ],
            "name": "smartgia-alb-sg",
            "name_prefix": "",
            "owner_id": "843916523003",
            "revoke_rules_on_delete": false,
            "tags": {
              "Env": "default",
              "Name": "smartgia-alb-sg",
              "Owner": "SMARTGIA",
              "Project": "smartgia"
            },
            "tags_all": {
              "Env": "default",
              "Name": "smartgia-alb-sg",
              "Owner": "SMARTGIA",
              "Project": "smartgia"
            },
            "timeouts": null,
            "vpc_id": "vpc-0763f47cb425196b5"
          },
          "sensitive_attributes": [],
          "identity_schema_version": 0,
          "private": "eyJlMmJmYjczMC1lY2FhLTExZTYtOGY4OC0zNDM2M2JjN2M0YzAiOnsiY3JlYXRlIjo2MDAwMDAwMDAwMDAsImRlbGV0ZSI6OTAwMDAwMDAwMDAwfSwic2NoZW1hX3ZlcnNpb24iOiIxIn0=",
          "dependencies": [
            "aws_vpc.main"
          ],
          "create_before_destroy": true
        }
      ]
    },
    {
      "mode": "managed",
      "type": "aws_security_group",
      "name": "bastion_sg",
      "provider": "provider[\"registry.terraform.io/hashicorp/aws\"]",
      "instances": [
        {
          "schema_version": 1,
          "attributes": {
            "arn": "arn:aws:ec2:us-east-1:843916523003:security-group/sg-00807eccef9ba4eba",
            "description": "SSH access to Bastion Host",
            "egress": [
              {
                "cidr_blocks": [
                  "0.0.0.0/0"
                ],
                "description": "Allow all outbound",
                "from_port": 0,
                "ipv6_cidr_blocks": [],
                "prefix_list_ids": [],
                "protocol": "-1",
                "security_groups": [],
                "self": false,
                "to_port": 0
              }
            ],
            "id": "sg-00807eccef9ba4eba",
            "ingress": [
              {
                "cidr_blocks": [
                  "18.206.107.24/29",
                  "18.206.107.32/29",
                  "18.206.107.40/29",
                  "18.206.107.48/29"
                ],
                "description": "SSH from EC2 Instance Connect us-east-1",
                "from_port": 22,
                "ipv6_cidr_blocks": [],
                "prefix_list_ids": [],
                "protocol": "tcp",
                "security_groups": [],
                "self": false,
                "to_port": 22
              },
              {
                "cidr_blocks": [
                  "181.199.46.135/32"
                ],
                "description": "SSH from my IP (secondary)",
                "from_port": 22,
                "ipv6_cidr_blocks": [],
                "prefix_list_ids": [],
                "protocol": "tcp",
                "security_groups": [],
                "self": false,
                "to_port": 22
              },
              {
                "cidr_blocks": [
                  "181.199.58.240/32"
                ],
                "description": "SSH from my IP (current)",
                "from_port": 22,
                "ipv6_cidr_blocks": [],
                "prefix_list_ids": [],
                "protocol": "tcp",
                "security_groups": [],
                "self": false,
                "to_port": 22
              }
            ],
            "name": "smartgia-default-bastion-sg",
            "name_prefix": "",
            "owner_id": "843916523003",
            "revoke_rules_on_delete": false,
            "tags": {
              "Env": "default",
              "Name": "smartgia-default-bastion-sg",
              "Owner": "SMARTGIA",
              "Project": "smartgia"
            },
            "tags_all": {
              "Env": "default",
              "Name": "smartgia-default-bastion-sg",
              "Owner": "SMARTGIA",
              "Project": "smartgia"
            },
            "timeouts": null,
            "vpc_id": "vpc-0763f47cb425196b5"
          },
          "sensitive_attributes": [],
          "identity_schema_version": 0,
          "private": "eyJlMmJmYjczMC1lY2FhLTExZTYtOGY4OC0zNDM2M2JjN2M0YzAiOnsiY3JlYXRlIjo2MDAwMDAwMDAwMDAsImRlbGV0ZSI6OTAwMDAwMDAwMDAwfSwic2NoZW1hX3ZlcnNpb24iOiIxIn0=",
          "dependencies": [
            "aws_vpc.main"
          ],
          "create_before_destroy": true
        }
      ]
    },
    {
      "mode": "managed",
      "type": "aws_security_group",
      "name": "private_sg",
      "provider": "provider[\"registry.terraform.io/hashicorp/aws\"]",
      "instances": [
        {
          "schema_version": 1,
          "attributes": {
            "arn": "arn:aws:ec2:us-east-1:843916523003:security-group/sg-0242d2bd2d3fe09e9",
            "description": "Allow SSH from Bastion + HTTP from ALB",
            "egress": [
              {
                "cidr_blocks": [
                  "0.0.0.0/0"
                ],
                "description": "Allow all outbound",
                "from_port": 0,
                "ipv6_cidr_blocks": [],
                "prefix_list_ids": [],
                "protocol": "-1",
                "security_groups": [],
                "self": false,
                "to_port": 0
              }
            ],
            "id": "sg-0242d2bd2d3fe09e9",
            "ingress": [
              {
                "cidr_blocks": [],
                "description": "HTTP from ALB",
                "from_port": 80,
                "ipv6_cidr_blocks": [],
                "prefix_list_ids": [],
                "protocol": "tcp",
                "security_groups": [
                  "sg-082a07360653a9684"
                ],
                "self": false,
                "to_port": 80
              },
              {
                "cidr_blocks": [],
                "description": "SSH from Bastion",
                "from_port": 22,
                "ipv6_cidr_blocks": [],
                "prefix_list_ids": [],
                "protocol": "tcp",
                "security_groups": [
                  "sg-00807eccef9ba4eba"
                ],
                "self": false,
                "to_port": 22
              }
            ],
            "name": "smartgia-default-private-sg-20260115002247494200000002",
            "name_prefix": "smartgia-default-private-sg-",
            "owner_id": "843916523003",
            "revoke_rules_on_delete": false,
            "tags": {
              "Env": "default",
              "Name": "smartgia-default-private-sg",
              "Owner": "SMARTGIA",
              "Project": "smartgia"
            },
            "tags_all": {
              "Env": "default",
              "Name": "smartgia-default-private-sg",
              "Owner": "SMARTGIA",
              "Project": "smartgia"
            },
            "timeouts": null,
            "vpc_id": "vpc-0763f47cb425196b5"
          },
          "sensitive_attributes": [],
          "identity_schema_version": 0,
          "private": "eyJlMmJmYjczMC1lY2FhLTExZTYtOGY4OC0zNDM2M2JjN2M0YzAiOnsiY3JlYXRlIjo2MDAwMDAwMDAwMDAsImRlbGV0ZSI6OTAwMDAwMDAwMDAwfSwic2NoZW1hX3ZlcnNpb24iOiIxIn0=",
          "dependencies": [
            "aws_security_group.alb_sg",
            "aws_security_group.bastion_sg",
            "aws_vpc.main"
          ],
          "create_before_destroy": true
        }
      ]
    },
    {
      "mode": "managed",
      "type": "aws_subnet",
      "name": "private_1",
      "provider": "provider[\"registry.terraform.io/hashicorp/aws\"]",
      "instances": [
        {
          "schema_version": 1,
          "attributes": {
            "arn": "arn:aws:ec2:us-east-1:843916523003:subnet/subnet-080ef7ae0b157bbe4",
            "assign_ipv6_address_on_creation": false,
            "availability_zone": "us-east-1a",
            "availability_zone_id": "use1-az4",
            "cidr_block": "10.0.11.0/24",
            "customer_owned_ipv4_pool": "",
            "enable_dns64": false,
            "enable_lni_at_device_index": 0,
            "enable_resource_name_dns_a_record_on_launch": false,
            "enable_resource_name_dns_aaaa_record_on_launch": false,
            "id": "subnet-080ef7ae0b157bbe4",
            "ipv6_cidr_block": "",
            "ipv6_cidr_block_association_id": "",
            "ipv6_native": false,
            "map_customer_owned_ip_on_launch": false,
            "map_public_ip_on_launch": false,
            "outpost_arn": "",
            "owner_id": "843916523003",
            "private_dns_hostname_type_on_launch": "ip-name",
            "tags": {
              "Env": "default",
              "Name": "smartgia-default-private-1",
              "Owner": "SMARTGIA",
              "Project": "smartgia"
            },
            "tags_all": {
              "Env": "default",
              "Name": "smartgia-default-private-1",
              "Owner": "SMARTGIA",
              "Project": "smartgia"
            },
            "timeouts": null,
            "vpc_id": "vpc-0763f47cb425196b5"
          },
          "sensitive_attributes": [],
          "identity_schema_version": 0,
          "private": "eyJlMmJmYjczMC1lY2FhLTExZTYtOGY4OC0zNDM2M2JjN2M0YzAiOnsiY3JlYXRlIjo2MDAwMDAwMDAwMDAsImRlbGV0ZSI6MTIwMDAwMDAwMDAwMH0sInNjaGVtYV92ZXJzaW9uIjoiMSJ9",
          "dependencies": [
            "aws_vpc.main"
          ],
          "create_before_destroy": true
        }
      ]
    },
    {
      "mode": "managed",
      "type": "aws_subnet",
      "name": "private_2",
      "provider": "provider[\"registry.terraform.io/hashicorp/aws\"]",
      "instances": [
        {
          "schema_version": 1,
          "attributes": {
            "arn": "arn:aws:ec2:us-east-1:843916523003:subnet/subnet-0af5438933fdec81f",
            "assign_ipv6_address_on_creation": false,
            "availability_zone": "us-east-1b",
            "availability_zone_id": "use1-az6",
            "cidr_block": "10.0.12.0/24",
            "customer_owned_ipv4_pool": "",
            "enable_dns64": false,
            "enable_lni_at_device_index": 0,
            "enable_resource_name_dns_a_record_on_launch": false,
            "enable_resource_name_dns_aaaa_record_on_launch": false,
            "id": "subnet-0af5438933fdec81f",
            "ipv6_cidr_block": "",
            "ipv6_cidr_block_association_id": "",
            "ipv6_native": false,
            "map_customer_owned_ip_on_launch": false,
            "map_public_ip_on_launch": false,
            "outpost_arn": "",
            "owner_id": "843916523003",
            "private_dns_hostname_type_on_launch": "ip-name",
            "tags": {
              "Env": "default",
              "Name": "smartgia-default-private-2",
              "Owner": "SMARTGIA",
              "Project": "smartgia"
            },
            "tags_all": {
              "Env": "default",
              "Name": "smartgia-default-private-2",
              "Owner": "SMARTGIA",
              "Project": "smartgia"
            },
            "timeouts": null,
            "vpc_id": "vpc-0763f47cb425196b5"
          },
          "sensitive_attributes": [],
          "identity_schema_version": 0,
          "private": "eyJlMmJmYjczMC1lY2FhLTExZTYtOGY4OC0zNDM2M2JjN2M0YzAiOnsiY3JlYXRlIjo2MDAwMDAwMDAwMDAsImRlbGV0ZSI6MTIwMDAwMDAwMDAwMH0sInNjaGVtYV92ZXJzaW9uIjoiMSJ9",
          "dependencies": [
            "aws_vpc.main"
          ],
          "create_before_destroy": true
        }
      ]
    },
    {
      "mode": "managed",
      "type": "aws_subnet",
      "name": "public_1",
      "provider": "provider[\"registry.terraform.io/hashicorp/aws\"]",
      "instances": [
        {
          "schema_version": 1,
          "attributes": {
            "arn": "arn:aws:ec2:us-east-1:843916523003:subnet/subnet-06a1f6726f44518b3",
            "assign_ipv6_address_on_creation": false,
            "availability_zone": "us-east-1a",
            "availability_zone_id": "use1-az4",
            "cidr_block": "10.0.1.0/24",
            "customer_owned_ipv4_pool": "",
            "enable_dns64": false,
            "enable_lni_at_device_index": 0,
            "enable_resource_name_dns_a_record_on_launch": false,
            "enable_resource_name_dns_aaaa_record_on_launch": false,
            "id": "subnet-06a1f6726f44518b3",
            "ipv6_cidr_block": "",
            "ipv6_cidr_block_association_id": "",
            "ipv6_native": false,
            "map_customer_owned_ip_on_launch": false,
            "map_public_ip_on_launch": true,
            "outpost_arn": "",
            "owner_id": "843916523003",
            "private_dns_hostname_type_on_launch": "ip-name",
            "tags": {
              "Env": "default",
              "Name": "smartgia-default-public-1",
              "Owner": "SMARTGIA",
              "Project": "smartgia"
            },
            "tags_all": {
              "Env": "default",
              "Name": "smartgia-default-public-1",
              "Owner": "SMARTGIA",
              "Project": "smartgia"
            },
            "timeouts": null,
            "vpc_id": "vpc-0763f47cb425196b5"
          },
          "sensitive_attributes": [],
          "identity_schema_version": 0,
          "private": "eyJlMmJmYjczMC1lY2FhLTExZTYtOGY4OC0zNDM2M2JjN2M0YzAiOnsiY3JlYXRlIjo2MDAwMDAwMDAwMDAsImRlbGV0ZSI6MTIwMDAwMDAwMDAwMH0sInNjaGVtYV92ZXJzaW9uIjoiMSJ9",
          "dependencies": [
            "aws_vpc.main"
          ]
        }
      ]
    },
    {
      "mode": "managed",
      "type": "aws_subnet",
      "name": "public_2",
      "provider": "provider[\"registry.terraform.io/hashicorp/aws\"]",
      "instances": [
        {
          "schema_version": 1,
          "attributes": {
            "arn": "arn:aws:ec2:us-east-1:843916523003:subnet/subnet-0a7704d796735c1a1",
            "assign_ipv6_address_on_creation": false,
            "availability_zone": "us-east-1b",
            "availability_zone_id": "use1-az6",
            "cidr_block": "10.0.2.0/24",
            "customer_owned_ipv4_pool": "",
            "enable_dns64": false,
            "enable_lni_at_device_index": 0,
            "enable_resource_name_dns_a_record_on_launch": false,
            "enable_resource_name_dns_aaaa_record_on_launch": false,
            "id": "subnet-0a7704d796735c1a1",
            "ipv6_cidr_block": "",
            "ipv6_cidr_block_association_id": "",
            "ipv6_native": false,
            "map_customer_owned_ip_on_launch": false,
            "map_public_ip_on_launch": true,
            "outpost_arn": "",
            "owner_id": "843916523003",
            "private_dns_hostname_type_on_launch": "ip-name",
            "tags": {
              "Env": "default",
              "Name": "smartgia-default-public-2",
              "Owner": "SMARTGIA",
              "Project": "smartgia"
            },
            "tags_all": {
              "Env": "default",
              "Name": "smartgia-default-public-2",
              "Owner": "SMARTGIA",
              "Project": "smartgia"
            },
            "timeouts": null,
            "vpc_id": "vpc-0763f47cb425196b5"
          },
          "sensitive_attributes": [],
          "identity_schema_version": 0,
          "private": "eyJlMmJmYjczMC1lY2FhLTExZTYtOGY4OC0zNDM2M2JjN2M0YzAiOnsiY3JlYXRlIjo2MDAwMDAwMDAwMDAsImRlbGV0ZSI6MTIwMDAwMDAwMDAwMH0sInNjaGVtYV92ZXJzaW9uIjoiMSJ9",
          "dependencies": [
            "aws_vpc.main"
          ]
        }
      ]
    },
    {
      "mode": "managed",
      "type": "aws_vpc",
      "name": "main",
      "provider": "provider[\"registry.terraform.io/hashicorp/aws\"]",
      "instances": [
        {
          "schema_version": 1,
          "attributes": {
            "arn": "arn:aws:ec2:us-east-1:843916523003:vpc/vpc-0763f47cb425196b5",
            "assign_generated_ipv6_cidr_block": false,
            "cidr_block": "10.0.0.0/16",
            "default_network_acl_id": "acl-014795de5bf4e3d53",
            "default_route_table_id": "rtb-0835c35f57cc9eb49",
            "default_security_group_id": "sg-01572392affaf081d",
            "dhcp_options_id": "dopt-0b7837346ffe70700",
            "enable_dns_hostnames": true,
            "enable_dns_support": true,
            "enable_network_address_usage_metrics": false,
            "id": "vpc-0763f47cb425196b5",
            "instance_tenancy": "default",
            "ipv4_ipam_pool_id": null,
            "ipv4_netmask_length": null,
            "ipv6_association_id": "",
            "ipv6_cidr_block": "",
            "ipv6_cidr_block_network_border_group": "",
            "ipv6_ipam_pool_id": "",
            "ipv6_netmask_length": 0,
            "main_route_table_id": "rtb-0835c35f57cc9eb49",
            "owner_id": "843916523003",
            "tags": {
              "Env": "default",
              "Name": "smartgia-default-vpc",
              "Owner": "SMARTGIA",
              "Project": "smartgia"
            },
            "tags_all": {
              "Env": "default",
              "Name": "smartgia-default-vpc",
              "Owner": "SMARTGIA",
              "Project": "smartgia"
            }
          },
          "sensitive_attributes": [],
          "identity_schema_version": 0,
          "private": "eyJzY2hlbWFfdmVyc2lvbiI6IjEifQ==",
          "create_before_destroy": true
        }
      ]
    }
  ],
  "check_results": null
}
