{
  "version": 4,
  "terraform_version": "1.14.1",
  "serial": 59,
  "lineage": "42418417-9c0d-86ef-9a8b-092f96e6f90f",
  "outputs": {
    "alb_dns_name": {
      "value": "smartgia-prod-alb-1211865669.us-east-1.elb.amazonaws.com",
      "type": "string"
    },
    "bastion_elastic_ip": {
      "value": "35.174.55.243",
      "type": "string"
    },
    "bastion_public_ip": {
      "value": "35.174.55.243",
      "type": "string"
    },
    "private_subnets": {
      "value": [
        "subnet-0435954b5356c30be",
        "subnet-00489ab3e0639029c"
      ],
      "type": [
        "tuple",
        [
          "string",
          "string"
        ]
      ]
    },
    "public_subnets": {
      "value": [
        "subnet-023c5d3f863f9c89f",
        "subnet-0d8d4df00416ff488"
      ],
      "type": [
        "tuple",
        [
          "string",
          "string"
        ]
      ]
    },
    "region": {
      "value": "us-east-1",
      "type": "string"
    },
    "vpc_id": {
      "value": "vpc-08cf8fb39b04be9f1",
      "type": "string"
    }
  },
  "resources": [
    {
      "mode": "managed",
      "type": "aws_autoscaling_group",
      "name": "smartgia_asg",
      "provider": "provider[\"registry.terraform.io/hashicorp/aws\"]",
      "instances": [
        {
          "schema_version": 1,
          "attributes": {
            "arn": "arn:aws:autoscaling:us-east-1:286053287583:autoScalingGroup:83739183-0f6a-4547-bed6-f665a03b1761:autoScalingGroupName/smartgia-prod-asg",
            "availability_zone_distribution": [
              {
                "capacity_distribution_strategy": "balanced-best-effort"
              }
            ],
            "availability_zones": [
              "us-east-1a",
              "us-east-1b"
            ],
            "capacity_rebalance": false,
            "capacity_reservation_specification": [
              {
                "capacity_reservation_preference": "default",
                "capacity_reservation_target": []
              }
            ],
            "context": "",
            "default_cooldown": 300,
            "default_instance_warmup": 0,
            "desired_capacity": 2,
            "desired_capacity_type": "",
            "enabled_metrics": [],
            "force_delete": false,
            "force_delete_warm_pool": false,
            "health_check_grace_period": 60,
            "health_check_type": "ELB",
            "id": "smartgia-prod-asg",
            "ignore_failed_scaling_activities": false,
            "initial_lifecycle_hook": [],
            "instance_maintenance_policy": [],
            "instance_refresh": [],
            "launch_configuration": "",
            "launch_template": [
              {
                "id": "lt-08d6caa272676fd9c",
                "name": "smartgia-prod-lt-20260122234150701800000001",
                "version": "$Latest"
              }
            ],
            "load_balancers": [],
            "max_instance_lifetime": 0,
            "max_size": 4,
            "metrics_granularity": "1Minute",
            "min_elb_capacity": null,
            "min_size": 2,
            "mixed_instances_policy": [],
            "name": "smartgia-prod-asg",
            "name_prefix": "",
            "placement_group": "",
            "predicted_capacity": 0,
            "protect_from_scale_in": false,
            "service_linked_role_arn": "arn:aws:iam::286053287583:role/aws-service-role/autoscaling.amazonaws.com/AWSServiceRoleForAutoScaling",
            "suspended_processes": [],
            "tag": [
              {
                "key": "Env",
                "propagate_at_launch": true,
                "value": "prod"
              },
              {
                "key": "Name",
                "propagate_at_launch": true,
                "value": "smartgia-prod-asg-instance"
              },
              {
                "key": "Owner",
                "propagate_at_launch": true,
                "value": "SMARTGIA"
              },
              {
                "key": "Project",
                "propagate_at_launch": true,
                "value": "smartgia"
              }
            ],
            "target_group_arns": [
              "arn:aws:elasticloadbalancing:us-east-1:286053287583:targetgroup/smartgia-prod-tg/58f497562a1d5e60"
            ],
            "termination_policies": [],
            "timeouts": null,
            "traffic_source": [
              {
                "identifier": "arn:aws:elasticloadbalancing:us-east-1:286053287583:targetgroup/smartgia-prod-tg/58f497562a1d5e60",
                "type": "elbv2"
              }
            ],
            "vpc_zone_identifier": [
              "subnet-00489ab3e0639029c",
              "subnet-0435954b5356c30be"
            ],
            "wait_for_capacity_timeout": "10m",
            "wait_for_elb_capacity": null,
            "warm_pool": [],
            "warm_pool_size": 0
          },
          "sensitive_attributes": [],
          "identity_schema_version": 0,
          "private": "eyJlMmJmYjczMC1lY2FhLTExZTYtOGY4OC0zNDM2M2JjN2M0YzAiOnsiZGVsZXRlIjo2MDAwMDAwMDAwMDAsInVwZGF0ZSI6NjAwMDAwMDAwMDAwfSwic2NoZW1hX3ZlcnNpb24iOiIxIn0=",
          "dependencies": [
            "aws_key_pair.bastion_key",
            "aws_launch_template.smartgia_lt",
            "aws_lb_target_group.tg",
            "aws_security_group.alb_sg",
            "aws_security_group.bastion_sg",
            "aws_security_group.private_sg",
            "aws_subnet.private_1",
            "aws_subnet.private_2",
            "aws_vpc.main"
          ],
          "create_before_destroy": true
        }
      ]
    },
    {
      "mode": "managed",
      "type": "aws_eip",
      "name": "bastion_eip",
      "provider": "provider[\"registry.terraform.io/hashicorp/aws\"]",
      "instances": [
        {
          "schema_version": 0,
          "attributes": {
            "address": null,
            "allocation_id": "eipalloc-02b81dc607b34870b",
            "arn": "arn:aws:ec2:us-east-1:286053287583:elastic-ip/eipalloc-02b81dc607b34870b",
            "associate_with_private_ip": null,
            "association_id": "eipassoc-0766c0b7b5962143f",
            "carrier_ip": "",
            "customer_owned_ip": "",
            "customer_owned_ipv4_pool": "",
            "domain": "vpc",
            "id": "eipalloc-02b81dc607b34870b",
            "instance": "i-057e2b4c267157519",
            "ipam_pool_id": null,
            "network_border_group": "us-east-1",
            "network_interface": "eni-09e3abf8f98f227f8",
            "private_dns": "ip-10-20-1-140.ec2.internal",
            "private_ip": "10.20.1.140",
            "ptr_record": "",
            "public_dns": "ec2-35-174-55-243.compute-1.amazonaws.com",
            "public_ip": "35.174.55.243",
            "public_ipv4_pool": "amazon",
            "tags": {
              "Env": "prod",
              "Name": "smartgia-bastion-eip",
              "Owner": "SMARTGIA",
              "Project": "smartgia"
            },
            "tags_all": {
              "Env": "prod",
              "Name": "smartgia-bastion-eip",
              "Owner": "SMARTGIA",
              "Project": "smartgia"
            },
            "timeouts": null,
            "vpc": true
          },
          "sensitive_attributes": [],
          "identity_schema_version": 0,
          "private": "eyJlMmJmYjczMC1lY2FhLTExZTYtOGY4OC0zNDM2M2JjN2M0YzAiOnsiZGVsZXRlIjoxODAwMDAwMDAwMDAsInJlYWQiOjkwMDAwMDAwMDAwMCwidXBkYXRlIjozMDAwMDAwMDAwMDB9fQ=="
        }
      ]
    },
    {
      "mode": "managed",
      "type": "aws_eip",
      "name": "nat_eip",
      "provider": "provider[\"registry.terraform.io/hashicorp/aws\"]",
      "instances": [
        {
          "schema_version": 0,
          "attributes": {
            "address": null,
            "allocation_id": "eipalloc-024dde7aec71b68d5",
            "arn": "arn:aws:ec2:us-east-1:286053287583:elastic-ip/eipalloc-024dde7aec71b68d5",
            "associate_with_private_ip": null,
            "association_id": "eipassoc-058e0cd8210c7a914",
            "carrier_ip": "",
            "customer_owned_ip": "",
            "customer_owned_ipv4_pool": "",
            "domain": "vpc",
            "id": "eipalloc-024dde7aec71b68d5",
            "instance": "",
            "ipam_pool_id": null,
            "network_border_group": "us-east-1",
            "network_interface": "eni-016a5e0e8e03821c6",
            "private_dns": "ip-10-20-1-197.ec2.internal",
            "private_ip": "10.20.1.197",
            "ptr_record": "",
            "public_dns": "ec2-35-170-172-134.compute-1.amazonaws.com",
            "public_ip": "35.170.172.134",
            "public_ipv4_pool": "amazon",
            "tags": {
              "Env": "prod",
              "Name": "smartgia-prod-nat-eip",
              "Owner": "SMARTGIA",
              "Project": "smartgia"
            },
            "tags_all": {
              "Env": "prod",
              "Name": "smartgia-prod-nat-eip",
              "Owner": "SMARTGIA",
              "Project": "smartgia"
            },
            "timeouts": null,
            "vpc": true
          },
          "sensitive_attributes": [],
          "identity_schema_version": 0,
          "private": "eyJlMmJmYjczMC1lY2FhLTExZTYtOGY4OC0zNDM2M2JjN2M0YzAiOnsiZGVsZXRlIjoxODAwMDAwMDAwMDAsInJlYWQiOjkwMDAwMDAwMDAwMCwidXBkYXRlIjozMDAwMDAwMDAwMDB9fQ=="
        }
      ]
    },
    {
      "mode": "managed",
      "type": "aws_eip_association",
      "name": "bastion_eip_assoc",
      "provider": "provider[\"registry.terraform.io/hashicorp/aws\"]",
      "instances": [
        {
          "schema_version": 0,
          "attributes": {
            "allocation_id": "eipalloc-02b81dc607b34870b",
            "allow_reassociation": null,
            "id": "eipassoc-0766c0b7b5962143f",
            "instance_id": "i-057e2b4c267157519",
            "network_interface_id": "eni-09e3abf8f98f227f8",
            "private_ip_address": "10.20.1.140",
            "public_ip": "35.174.55.243"
          },
          "sensitive_attributes": [],
          "identity_schema_version": 0,
          "private": "bnVsbA==",
          "dependencies": [
            "aws_eip.bastion_eip",
            "aws_instance.bastion",
            "aws_key_pair.bastion_key",
            "aws_security_group.bastion_sg",
            "aws_subnet.public_1",
            "aws_vpc.main"
          ]
        }
      ]
    },
    {
      "mode": "managed",
      "type": "aws_instance",
      "name": "bastion",
      "provider": "provider[\"registry.terraform.io/hashicorp/aws\"]",
      "instances": [
        {
          "schema_version": 1,
          "attributes": {
            "ami": "ami-0030e4319cbf4dbf2",
            "arn": "arn:aws:ec2:us-east-1:286053287583:instance/i-057e2b4c267157519",
            "associate_public_ip_address": true,
            "availability_zone": "us-east-1a",
            "capacity_reservation_specification": [
              {
                "capacity_reservation_preference": "open",
                "capacity_reservation_target": []
              }
            ],
            "cpu_core_count": 1,
            "cpu_options": [
              {
                "amd_sev_snp": "",
                "core_count": 1,
                "threads_per_core": 1
              }
            ],
            "cpu_threads_per_core": 1,
            "credit_specification": [
              {
                "cpu_credits": "standard"
              }
            ],
            "disable_api_stop": false,
            "disable_api_termination": false,
            "ebs_block_device": [],
            "ebs_optimized": false,
            "enable_primary_ipv6": null,
            "enclave_options": [
              {
                "enabled": false
              }
            ],
            "ephemeral_block_device": [],
            "get_password_data": false,
            "hibernation": false,
            "host_id": "",
            "host_resource_group_arn": null,
            "iam_instance_profile": "",
            "id": "i-057e2b4c267157519",
            "instance_initiated_shutdown_behavior": "stop",
            "instance_lifecycle": "",
            "instance_market_options": [],
            "instance_state": "running",
            "instance_type": "t2.micro",
            "ipv6_address_count": 0,
            "ipv6_addresses": [],
            "key_name": "smartgia-prod-bastion-key",
            "launch_template": [],
            "maintenance_options": [
              {
                "auto_recovery": "default"
              }
            ],
            "metadata_options": [
              {
                "http_endpoint": "enabled",
                "http_protocol_ipv6": "disabled",
                "http_put_response_hop_limit": 1,
                "http_tokens": "optional",
                "instance_metadata_tags": "disabled"
              }
            ],
            "monitoring": false,
            "network_interface": [],
            "outpost_arn": "",
            "password_data": "",
            "placement_group": "",
            "placement_partition_number": 0,
            "primary_network_interface_id": "eni-09e3abf8f98f227f8",
            "private_dns": "ip-10-20-1-140.ec2.internal",
            "private_dns_name_options": [
              {
                "enable_resource_name_dns_a_record": false,
                "enable_resource_name_dns_aaaa_record": false,
                "hostname_type": "ip-name"
              }
            ],
            "private_ip": "10.20.1.140",
            "public_dns": "ec2-35-174-55-243.compute-1.amazonaws.com",
            "public_ip": "35.174.55.243",
            "root_block_device": [
              {
                "delete_on_termination": true,
                "device_name": "/dev/sda1",
                "encrypted": false,
                "iops": 100,
                "kms_key_id": "",
                "tags": {},
                "tags_all": {},
                "throughput": 0,
                "volume_id": "vol-098a13e800dfa5ec1",
                "volume_size": 8,
                "volume_type": "gp2"
              }
            ],
            "secondary_private_ips": [],
            "security_groups": [],
            "source_dest_check": true,
            "spot_instance_request_id": "",
            "subnet_id": "subnet-023c5d3f863f9c89f",
            "tags": {
              "Env": "prod",
              "Name": "smartgia-prod-bastion",
              "Owner": "SMARTGIA",
              "Project": "smartgia"
            },
            "tags_all": {
              "Env": "prod",
              "Name": "smartgia-prod-bastion",
              "Owner": "SMARTGIA",
              "Project": "smartgia"
            },
            "tenancy": "default",
            "timeouts": null,
            "user_data": null,
            "user_data_base64": null,
            "user_data_replace_on_change": false,
            "volume_tags": null,
            "vpc_security_group_ids": [
              "sg-0a91eccf56a73e8f3"
            ]
          },
          "sensitive_attributes": [],
          "identity_schema_version": 0,
          "private": "eyJlMmJmYjczMC1lY2FhLTExZTYtOGY4OC0zNDM2M2JjN2M0YzAiOnsiY3JlYXRlIjo2MDAwMDAwMDAwMDAsImRlbGV0ZSI6MTIwMDAwMDAwMDAwMCwicmVhZCI6OTAwMDAwMDAwMDAwLCJ1cGRhdGUiOjYwMDAwMDAwMDAwMH0sInNjaGVtYV92ZXJzaW9uIjoiMSJ9",
          "dependencies": [
            "aws_key_pair.bastion_key",
            "aws_security_group.bastion_sg",
            "aws_subnet.public_1",
            "aws_vpc.main"
          ]
        }
      ]
    },
    {
      "mode": "managed",
      "type": "aws_internet_gateway",
      "name": "igw",
      "provider": "provider[\"registry.terraform.io/hashicorp/aws\"]",
      "instances": [
        {
          "schema_version": 0,
          "attributes": {
            "arn": "arn:aws:ec2:us-east-1:286053287583:internet-gateway/igw-0b0f595511f1fc930",
            "id": "igw-0b0f595511f1fc930",
            "owner_id": "286053287583",
            "tags": {
              "Env": "prod",
              "Name": "smartgia-prod-igw",
              "Owner": "SMARTGIA",
              "Project": "smartgia"
            },
            "tags_all": {
              "Env": "prod",
              "Name": "smartgia-prod-igw",
              "Owner": "SMARTGIA",
              "Project": "smartgia"
            },
            "timeouts": null,
            "vpc_id": "vpc-08cf8fb39b04be9f1"
          },
          "sensitive_attributes": [],
          "identity_schema_version": 0,
          "private": "eyJlMmJmYjczMC1lY2FhLTExZTYtOGY4OC0zNDM2M2JjN2M0YzAiOnsiY3JlYXRlIjoxMjAwMDAwMDAwMDAwLCJkZWxldGUiOjEyMDAwMDAwMDAwMDAsInVwZGF0ZSI6MTIwMDAwMDAwMDAwMH19",
          "dependencies": [
            "aws_vpc.main"
          ]
        }
      ]
    },
    {
      "mode": "managed",
      "type": "aws_key_pair",
      "name": "bastion_key",
      "provider": "provider[\"registry.terraform.io/hashicorp/aws\"]",
      "instances": [
        {
          "schema_version": 1,
          "attributes": {
            "arn": "arn:aws:ec2:us-east-1:286053287583:key-pair/smartgia-prod-bastion-key",
            "fingerprint": "ee:1a:08:40:30:c4:b5:17:5b:6f:5f:13:31:d5:61:97",
            "id": "smartgia-prod-bastion-key",
            "key_name": "smartgia-prod-bastion-key",
            "key_name_prefix": "",
            "key_pair_id": "key-0f3415c62785000bb",
            "key_type": "rsa",
            "public_key": "ssh-rsa AAAAB3NzaC1yc2EAAAADAQABAAACAQDTU2tyQ99ES1tutziQukUA5G5KLUcehO0Tny8hLPmmOlw/rL1zkflvqVJnukXtw8Rc0hH9Mds+Tpg+T6QRB3idHzWtujeOvyzeE/ahtB0xbimiuOzjKC2EpHjqwQ9JcDuGs+/N7UobO5uWt6+7yBHtypT8OOk4A8L5VN810sparxAj9UwkvOvAsHD5ldXB5mMsjPnkWNPRHE4XVBYhCBpv/UOlzuDnRK+vD3svjKMYAXgi8U58CJ+f4vD09+jvDUYPfoaCBfydratViX1lea5ti2KRAoZk+dZM0RXCJiNxzBDT7ML0KkSOXqJQCgsil4X5KEp92na1PcWrh6cEeVL9C3Xo/l1jcJzEs3y6Z9dNWR+BXxC6msYAqLuoIqNFtpzevOiByfUGaS8HKCUSJnXXaizFHG7HDsO9nZXXJ4lM1w3qfIMQQGDuozfyHibuUsjKFnzAmJKCo4kQuaz39jFm/kX+mhpZphroDN8aCKN+xtdK8ywmyq2RYFbHpM4xmEAyh4rHF/nb/wTrFPOixJDjhR/zULnsVunUzLA1TTLY9ZVSLje4w17bUAHsWsif4bsyJpVgdMYga3TWFEj6yed/RqnlgH7xcC5FzayxGpEek+lPJ7NUg8dxub/VJZFa+RmnyirHr4i7fhnmUnmSNXP2s+mGcHj1VE6is4/H0QbcVw== usuario@LAPTOP-A1O95KFV",
            "tags": {
              "Env": "prod",
              "Name": "smartgia-prod-bastion-key",
              "Owner": "SMARTGIA",
              "Project": "smartgia"
            },
            "tags_all": {
              "Env": "prod",
              "Name": "smartgia-prod-bastion-key",
              "Owner": "SMARTGIA",
              "Project": "smartgia"
            }
          },
          "sensitive_attributes": [],
          "identity_schema_version": 0,
          "private": "eyJzY2hlbWFfdmVyc2lvbiI6IjEifQ==",
          "create_before_destroy": true
        }
      ]
    },
    {
      "mode": "managed",
      "type": "aws_launch_template",
      "name": "smartgia_lt",
      "provider": "provider[\"registry.terraform.io/hashicorp/aws\"]",
      "instances": [
        {
          "schema_version": 0,
          "attributes": {
            "arn": "arn:aws:ec2:us-east-1:286053287583:launch-template/lt-08d6caa272676fd9c",
            "block_device_mappings": [],
            "capacity_reservation_specification": [],
            "cpu_options": [],
            "credit_specification": [],
            "default_version": 1,
            "description": "",
            "disable_api_stop": false,
            "disable_api_termination": false,
            "ebs_optimized": "",
            "elastic_gpu_specifications": [],
            "elastic_inference_accelerator": [],
            "enclave_options": [],
            "hibernation_options": [],
            "iam_instance_profile": [
              {
                "arn": "",
                "name": "LabInstanceProfile"
              }
            ],
            "id": "lt-08d6caa272676fd9c",
            "image_id": "ami-0030e4319cbf4dbf2",
            "instance_initiated_shutdown_behavior": "",
            "instance_market_options": [],
            "instance_requirements": [],
            "instance_type": "t2.micro",
            "kernel_id": "",
            "key_name": "smartgia-prod-bastion-key",
            "latest_version": 1,
            "license_specification": [],
            "maintenance_options": [],
            "metadata_options": [],
            "monitoring": [],
            "name": "smartgia-prod-lt-20260122234150701800000001",
            "name_prefix": "smartgia-prod-lt-",
            "network_interfaces": [],
            "placement": [],
            "private_dns_name_options": [],
            "ram_disk_id": "",
            "security_group_names": [],
            "tag_specifications": [
              {
                "resource_type": "instance",
                "tags": {
                  "Env": "prod",
                  "Name": "smartgia-prod-asg-instance",
                  "Owner": "SMARTGIA",
                  "Project": "smartgia"
                }
              }
            ],
            "tags": {
              "Env": "prod",
              "Name": "smartgia-prod-launch-template",
              "Owner": "SMARTGIA",
              "Project": "smartgia"
            },
            "tags_all": {
              "Env": "prod",
              "Name": "smartgia-prod-launch-template",
              "Owner": "SMARTGIA",
              "Project": "smartgia"
            },
            "update_default_version": null,
            "user_data": "IyEvYmluL2Jhc2gNCnNldCAtZQ0KDQpleGVjID4gL3Zhci9sb2cvdXNlci1kYXRhLmxvZyAyPiYxDQoNCmFwdC1nZXQgdXBkYXRlIC15DQphcHQtZ2V0IGluc3RhbGwgLXkgZG9ja2VyLmlvIGF3c2NsaQ0KDQpzeXN0ZW1jdGwgZW5hYmxlIGRvY2tlcg0Kc3lzdGVtY3RsIHN0YXJ0IGRvY2tlcg0KDQojIFBsdWdpbiBkb2NrZXIgY29tcG9zZSAoc2kgbm8gZXhpc3RlLCBubyBmYWxsYSkNCmFwdC1nZXQgaW5zdGFsbCAteSBkb2NrZXItY29tcG9zZS1wbHVnaW4gfHwgdHJ1ZQ0KDQpBV1NfUkVHSU9OPSJ1cy1lYXN0LTEiDQpBQ0NPVU5UX0lEPSIyODYwNTMyODc1ODMiDQpFQ1I9IiRBQ0NPVU5UX0lELmRrci5lY3IuJEFXU19SRUdJT04uYW1hem9uYXdzLmNvbSINClJFUE89InNtYXJ0Z2lhLWJhY2tlbmQiDQoNCmF3cyBlY3IgZ2V0LWxvZ2luLXBhc3N3b3JkIC0tcmVnaW9uICRBV1NfUkVHSU9OIHwgZG9ja2VyIGxvZ2luIC0tdXNlcm5hbWUgQVdTIC0tcGFzc3dvcmQtc3RkaW4gJEVDUg0KDQpjYXQgPiAvb3B0L3NtYXJ0Z2lhLWNvbXBvc2UueW1sIDw8J1lBTUwnDQpzZXJ2aWNlczoNCiAgYXBpLWdhdGV3YXk6DQogICAgaW1hZ2U6IDI4NjA1MzI4NzU4My5ka3IuZWNyLnVzLWVhc3QtMS5hbWF6b25hd3MuY29tL3NtYXJ0Z2lhLWJhY2tlbmQ6YXBpLWdhdGV3YXkNCiAgICBwb3J0czoNCiAgICAgIC0gIjgwOjQwMDAiDQogICAgZW52aXJvbm1lbnQ6DQogICAgICBBVVRIX1NFUlZJQ0VfVVJMOiBodHRwOi8vYXV0aC1zZXJ2aWNlOjQwMDENCiAgICAgIFVTRVJfU0VSVklDRV9VUkw6IGh0dHA6Ly91c2VyLXNlcnZpY2U6NDAwMg0KICAgICAgUk9VVElORV9TRVJWSUNFX1VSTDogaHR0cDovL3JvdXRpbmUtc2VydmljZTo0MDAzDQogICAgICBFWEVSQ0lTRV9TRVJWSUNFX1VSTDogaHR0cDovL2V4ZXJjaXNlLXNlcnZpY2U6NDAwNA0KICAgICAgQVRURU5EQU5DRV9TRVJWSUNFX1VSTDogaHR0cDovL2F0dGVuZGFuY2Utc2VydmljZTo0MDA1DQogICAgICBISVNUT1JZX1NFUlZJQ0VfVVJMOiBodHRwOi8vaGlzdG9yeS1zZXJ2aWNlOjQwMDYNCiAgICAgIFBST0dSRVNTX1NFUlZJQ0VfVVJMOiBodHRwOi8vcHJvZ3Jlc3Mtc2VydmljZTo0MDA3DQogICAgICBOT1RJRklDQVRJT05fU0VSVklDRV9VUkw6IGh0dHA6Ly9ub3RpZmljYXRpb24tc2VydmljZTo0MDA4DQogICAgICBBSV9TRVJWSUNFX1VSTDogaHR0cDovL2FpLXNlcnZpY2U6NDAwOQ0KDQogIGF1dGgtc2VydmljZToNCiAgICBpbWFnZTogMjg2MDUzMjg3NTgzLmRrci5lY3IudXMtZWFzdC0xLmFtYXpvbmF3cy5jb20vc21hcnRnaWEtYmFja2VuZDphdXRoLXNlcnZpY2UNCg0KICB1c2VyLXNlcnZpY2U6DQogICAgaW1hZ2U6IDI4NjA1MzI4NzU4My5ka3IuZWNyLnVzLWVhc3QtMS5hbWF6b25hd3MuY29tL3NtYXJ0Z2lhLWJhY2tlbmQ6dXNlci1zZXJ2aWNlDQoNCiAgcm91dGluZS1zZXJ2aWNlOg0KICAgIGltYWdlOiAyODYwNTMyODc1ODMuZGtyLmVjci51cy1lYXN0LTEuYW1hem9uYXdzLmNvbS9zbWFydGdpYS1iYWNrZW5kOnJvdXRpbmUtc2VydmljZQ0KDQogIGV4ZXJjaXNlLXNlcnZpY2U6DQogICAgaW1hZ2U6IDI4NjA1MzI4NzU4My5ka3IuZWNyLnVzLWVhc3QtMS5hbWF6b25hd3MuY29tL3NtYXJ0Z2lhLWJhY2tlbmQ6ZXhlcmNpc2Utc2VydmljZQ0KDQogIGF0dGVuZGFuY2Utc2VydmljZToNCiAgICBpbWFnZTogMjg2MDUzMjg3NTgzLmRrci5lY3IudXMtZWFzdC0xLmFtYXpvbmF3cy5jb20vc21hcnRnaWEtYmFja2VuZDphdHRlbmRhbmNlLXNlcnZpY2UNCg0KICBoaXN0b3J5LXNlcnZpY2U6DQogICAgaW1hZ2U6IDI4NjA1MzI4NzU4My5ka3IuZWNyLnVzLWVhc3QtMS5hbWF6b25hd3MuY29tL3NtYXJ0Z2lhLWJhY2tlbmQ6aGlzdG9yeS1zZXJ2aWNlDQoNCiAgcHJvZ3Jlc3Mtc2VydmljZToNCiAgICBpbWFnZTogMjg2MDUzMjg3NTgzLmRrci5lY3IudXMtZWFzdC0xLmFtYXpvbmF3cy5jb20vc21hcnRnaWEtYmFja2VuZDpwcm9ncmVzcy1zZXJ2aWNlDQoNCiAgbm90aWZpY2F0aW9uLXNlcnZpY2U6DQogICAgaW1hZ2U6IDI4NjA1MzI4NzU4My5ka3IuZWNyLnVzLWVhc3QtMS5hbWF6b25hd3MuY29tL3NtYXJ0Z2lhLWJhY2tlbmQ6bm90aWZpY2F0aW9uLXNlcnZpY2UNCg0KICBhaS1zZXJ2aWNlOg0KICAgIGltYWdlOiAyODYwNTMyODc1ODMuZGtyLmVjci51cy1lYXN0LTEuYW1hem9uYXdzLmNvbS9zbWFydGdpYS1iYWNrZW5kOmFpLXNlcnZpY2UNCllBTUwNCg0KZG9ja2VyIGNvbXBvc2UgLWYgL29wdC9zbWFydGdpYS1jb21wb3NlLnltbCBwdWxsDQpkb2NrZXIgY29tcG9zZSAtZiAvb3B0L3NtYXJ0Z2lhLWNvbXBvc2UueW1sIHVwIC1kDQo=",
            "vpc_security_group_ids": [
              "sg-06fe6bd2f33276a9a"
            ]
          },
          "sensitive_attributes": [],
          "identity_schema_version": 0,
          "private": "bnVsbA==",
          "dependencies": [
            "aws_key_pair.bastion_key",
            "aws_security_group.alb_sg",
            "aws_security_group.bastion_sg",
            "aws_security_group.private_sg",
            "aws_vpc.main"
          ],
          "create_before_destroy": true
        }
      ]
    },
    {
      "mode": "managed",
      "type": "aws_lb",
      "name": "alb",
      "provider": "provider[\"registry.terraform.io/hashicorp/aws\"]",
      "instances": [
        {
          "schema_version": 0,
          "attributes": {
            "access_logs": [
              {
                "bucket": "",
                "enabled": false,
                "prefix": ""
              }
            ],
            "arn": "arn:aws:elasticloadbalancing:us-east-1:286053287583:loadbalancer/app/smartgia-prod-alb/8f502def3a83e418",
            "arn_suffix": "app/smartgia-prod-alb/8f502def3a83e418",
            "client_keep_alive": 3600,
            "connection_logs": [
              {
                "bucket": "",
                "enabled": false,
                "prefix": ""
              }
            ],
            "customer_owned_ipv4_pool": "",
            "desync_mitigation_mode": "defensive",
            "dns_name": "smartgia-prod-alb-1211865669.us-east-1.elb.amazonaws.com",
            "dns_record_client_routing_policy": null,
            "drop_invalid_header_fields": false,
            "enable_cross_zone_load_balancing": true,
            "enable_deletion_protection": false,
            "enable_http2": true,
            "enable_tls_version_and_cipher_suite_headers": false,
            "enable_waf_fail_open": false,
            "enable_xff_client_port": false,
            "enable_zonal_shift": false,
            "enforce_security_group_inbound_rules_on_private_link_traffic": "",
            "id": "arn:aws:elasticloadbalancing:us-east-1:286053287583:loadbalancer/app/smartgia-prod-alb/8f502def3a83e418",
            "idle_timeout": 60,
            "internal": false,
            "ip_address_type": "ipv4",
            "ipam_pools": [],
            "load_balancer_type": "application",
            "minimum_load_balancer_capacity": [],
            "name": "smartgia-prod-alb",
            "name_prefix": "",
            "preserve_host_header": false,
            "security_groups": [
              "sg-0c2618e33392989f3"
            ],
            "subnet_mapping": [
              {
                "allocation_id": "",
                "ipv6_address": "",
                "outpost_id": "",
                "private_ipv4_address": "",
                "subnet_id": "subnet-023c5d3f863f9c89f"
              },
              {
                "allocation_id": "",
                "ipv6_address": "",
                "outpost_id": "",
                "private_ipv4_address": "",
                "subnet_id": "subnet-0d8d4df00416ff488"
              }
            ],
            "subnets": [
              "subnet-023c5d3f863f9c89f",
              "subnet-0d8d4df00416ff488"
            ],
            "tags": {
              "Env": "prod",
              "Name": "smartgia-prod-alb",
              "Owner": "SMARTGIA",
              "Project": "smartgia"
            },
            "tags_all": {
              "Env": "prod",
              "Name": "smartgia-prod-alb",
              "Owner": "SMARTGIA",
              "Project": "smartgia"
            },
            "timeouts": null,
            "vpc_id": "vpc-08cf8fb39b04be9f1",
            "xff_header_processing_mode": "append",
            "zone_id": "Z35SXDOTRQ7X7K"
          },
          "sensitive_attributes": [],
          "identity_schema_version": 0,
          "private": "eyJlMmJmYjczMC1lY2FhLTExZTYtOGY4OC0zNDM2M2JjN2M0YzAiOnsiY3JlYXRlIjo2MDAwMDAwMDAwMDAsImRlbGV0ZSI6NjAwMDAwMDAwMDAwLCJ1cGRhdGUiOjYwMDAwMDAwMDAwMH19",
          "dependencies": [
            "aws_security_group.alb_sg",
            "aws_subnet.public_1",
            "aws_subnet.public_2",
            "aws_vpc.main"
          ]
        }
      ]
    },
    {
      "mode": "managed",
      "type": "aws_lb_listener",
      "name": "http_listener",
      "provider": "provider[\"registry.terraform.io/hashicorp/aws\"]",
      "instances": [
        {
          "schema_version": 0,
          "attributes": {
            "alpn_policy": null,
            "arn": "arn:aws:elasticloadbalancing:us-east-1:286053287583:listener/app/smartgia-prod-alb/8f502def3a83e418/8136bee2d09e7329",
            "certificate_arn": null,
            "default_action": [
              {
                "authenticate_cognito": [],
                "authenticate_oidc": [],
                "fixed_response": [],
                "forward": [],
                "order": 1,
                "redirect": [],
                "target_group_arn": "arn:aws:elasticloadbalancing:us-east-1:286053287583:targetgroup/smartgia-prod-tg/58f497562a1d5e60",
                "type": "forward"
              }
            ],
            "id": "arn:aws:elasticloadbalancing:us-east-1:286053287583:listener/app/smartgia-prod-alb/8f502def3a83e418/8136bee2d09e7329",
            "load_balancer_arn": "arn:aws:elasticloadbalancing:us-east-1:286053287583:loadbalancer/app/smartgia-prod-alb/8f502def3a83e418",
            "mutual_authentication": [],
            "port": 80,
            "protocol": "HTTP",
            "routing_http_request_x_amzn_mtls_clientcert_header_name": null,
            "routing_http_request_x_amzn_mtls_clientcert_issuer_header_name": null,
            "routing_http_request_x_amzn_mtls_clientcert_leaf_header_name": null,
            "routing_http_request_x_amzn_mtls_clientcert_serial_number_header_name": null,
            "routing_http_request_x_amzn_mtls_clientcert_subject_header_name": null,
            "routing_http_request_x_amzn_mtls_clientcert_validity_header_name": null,
            "routing_http_request_x_amzn_tls_cipher_suite_header_name": null,
            "routing_http_request_x_amzn_tls_version_header_name": null,
            "routing_http_response_access_control_allow_credentials_header_value": "",
            "routing_http_response_access_control_allow_headers_header_value": "",
            "routing_http_response_access_control_allow_methods_header_value": "",
            "routing_http_response_access_control_allow_origin_header_value": "",
            "routing_http_response_access_control_expose_headers_header_value": "",
            "routing_http_response_access_control_max_age_header_value": "",
            "routing_http_response_content_security_policy_header_value": "",
            "routing_http_response_server_enabled": true,
            "routing_http_response_strict_transport_security_header_value": "",
            "routing_http_response_x_content_type_options_header_value": "",
            "routing_http_response_x_frame_options_header_value": "",
            "ssl_policy": "",
            "tags": {},
            "tags_all": {},
            "tcp_idle_timeout_seconds": null,
            "timeouts": null
          },
          "sensitive_attributes": [],
          "identity_schema_version": 0,
          "private": "eyJlMmJmYjczMC1lY2FhLTExZTYtOGY4OC0zNDM2M2JjN2M0YzAiOnsiY3JlYXRlIjozMDAwMDAwMDAwMDAsInVwZGF0ZSI6MzAwMDAwMDAwMDAwfX0=",
          "dependencies": [
            "aws_lb.alb",
            "aws_lb_target_group.tg",
            "aws_security_group.alb_sg",
            "aws_subnet.public_1",
            "aws_subnet.public_2",
            "aws_vpc.main"
          ]
        }
      ]
    },
    {
      "mode": "managed",
      "type": "aws_lb_target_group",
      "name": "tg",
      "provider": "provider[\"registry.terraform.io/hashicorp/aws\"]",
      "instances": [
        {
          "schema_version": 0,
          "attributes": {
            "arn": "arn:aws:elasticloadbalancing:us-east-1:286053287583:targetgroup/smartgia-prod-tg/58f497562a1d5e60",
            "arn_suffix": "targetgroup/smartgia-prod-tg/58f497562a1d5e60",
            "connection_termination": null,
            "deregistration_delay": "30",
            "health_check": [
              {
                "enabled": true,
                "healthy_threshold": 2,
                "interval": 30,
                "matcher": "200-399",
                "path": "/health",
                "port": "traffic-port",
                "protocol": "HTTP",
                "timeout": 5,
                "unhealthy_threshold": 2
              }
            ],
            "id": "arn:aws:elasticloadbalancing:us-east-1:286053287583:targetgroup/smartgia-prod-tg/58f497562a1d5e60",
            "ip_address_type": "ipv4",
            "lambda_multi_value_headers_enabled": false,
            "load_balancer_arns": [
              "arn:aws:elasticloadbalancing:us-east-1:286053287583:loadbalancer/app/smartgia-prod-alb/8f502def3a83e418"
            ],
            "load_balancing_algorithm_type": "round_robin",
            "load_balancing_anomaly_mitigation": "off",
            "load_balancing_cross_zone_enabled": "use_load_balancer_configuration",
            "name": "smartgia-prod-tg",
            "name_prefix": "",
            "port": 80,
            "preserve_client_ip": null,
            "protocol": "HTTP",
            "protocol_version": "HTTP1",
            "proxy_protocol_v2": false,
            "slow_start": 0,
            "stickiness": [
              {
                "cookie_duration": 86400,
                "cookie_name": "",
                "enabled": false,
                "type": "lb_cookie"
              }
            ],
            "tags": {
              "Env": "prod",
              "Name": "smartgia-prod-tg",
              "Owner": "SMARTGIA",
              "Project": "smartgia"
            },
            "tags_all": {
              "Env": "prod",
              "Name": "smartgia-prod-tg",
              "Owner": "SMARTGIA",
              "Project": "smartgia"
            },
            "target_failover": [
              {
                "on_deregistration": null,
                "on_unhealthy": null
              }
            ],
            "target_group_health": [
              {
                "dns_failover": [
                  {
                    "minimum_healthy_targets_count": "1",
                    "minimum_healthy_targets_percentage": "off"
                  }
                ],
                "unhealthy_state_routing": [
                  {
                    "minimum_healthy_targets_count": 1,
                    "minimum_healthy_targets_percentage": "off"
                  }
                ]
              }
            ],
            "target_health_state": [
              {
                "enable_unhealthy_connection_termination": null,
                "unhealthy_draining_interval": null
              }
            ],
            "target_type": "instance",
            "vpc_id": "vpc-08cf8fb39b04be9f1"
          },
          "sensitive_attributes": [],
          "identity_schema_version": 0,
          "private": "bnVsbA==",
          "dependencies": [
            "aws_vpc.main"
          ],
          "create_before_destroy": true
        }
      ]
    },
    {
      "mode": "managed",
      "type": "aws_nat_gateway",
      "name": "nat",
      "provider": "provider[\"registry.terraform.io/hashicorp/aws\"]",
      "instances": [
        {
          "schema_version": 0,
          "attributes": {
            "allocation_id": "eipalloc-024dde7aec71b68d5",
            "association_id": "eipassoc-058e0cd8210c7a914",
            "connectivity_type": "public",
            "id": "nat-038b3cff631d2cea3",
            "network_interface_id": "eni-016a5e0e8e03821c6",
            "private_ip": "10.20.1.197",
            "public_ip": "35.170.172.134",
            "secondary_allocation_ids": [],
            "secondary_private_ip_address_count": 0,
            "secondary_private_ip_addresses": [],
            "subnet_id": "subnet-023c5d3f863f9c89f",
            "tags": {
              "Env": "prod",
              "Name": "smartgia-prod-nat",
              "Owner": "SMARTGIA",
              "Project": "smartgia"
            },
            "tags_all": {
              "Env": "prod",
              "Name": "smartgia-prod-nat",
              "Owner": "SMARTGIA",
              "Project": "smartgia"
            },
            "timeouts": null
          },
          "sensitive_attributes": [],
          "identity_schema_version": 0,
          "private": "eyJlMmJmYjczMC1lY2FhLTExZTYtOGY4OC0zNDM2M2JjN2M0YzAiOnsiY3JlYXRlIjo2MDAwMDAwMDAwMDAsImRlbGV0ZSI6MTgwMDAwMDAwMDAwMCwidXBkYXRlIjo2MDAwMDAwMDAwMDB9fQ==",
          "dependencies": [
            "aws_eip.nat_eip",
            "aws_internet_gateway.igw",
            "aws_subnet.public_1",
            "aws_vpc.main"
          ]
        }
      ]
    },
    {
      "mode": "managed",
      "type": "aws_route_table",
      "name": "private",
      "provider": "provider[\"registry.terraform.io/hashicorp/aws\"]",
      "instances": [
        {
          "schema_version": 0,
          "attributes": {
            "arn": "arn:aws:ec2:us-east-1:286053287583:route-table/rtb-0804060e93c3e3cc9",
            "id": "rtb-0804060e93c3e3cc9",
            "owner_id": "286053287583",
            "propagating_vgws": [],
            "route": [
              {
                "carrier_gateway_id": "",
                "cidr_block": "0.0.0.0/0",
                "core_network_arn": "",
                "destination_prefix_list_id": "",
                "egress_only_gateway_id": "",
                "gateway_id": "",
                "ipv6_cidr_block": "",
                "local_gateway_id": "",
                "nat_gateway_id": "nat-038b3cff631d2cea3",
                "network_interface_id": "",
                "transit_gateway_id": "",
                "vpc_endpoint_id": "",
                "vpc_peering_connection_id": ""
              }
            ],
            "tags": {
              "Env": "prod",
              "Name": "smartgia-prod-private-rt",
              "Owner": "SMARTGIA",
              "Project": "smartgia"
            },
            "tags_all": {
              "Env": "prod",
              "Name": "smartgia-prod-private-rt",
              "Owner": "SMARTGIA",
              "Project": "smartgia"
            },
            "timeouts": null,
            "vpc_id": "vpc-08cf8fb39b04be9f1"
          },
          "sensitive_attributes": [],
          "identity_schema_version": 0,
          "private": "eyJlMmJmYjczMC1lY2FhLTExZTYtOGY4OC0zNDM2M2JjN2M0YzAiOnsiY3JlYXRlIjozMDAwMDAwMDAwMDAsImRlbGV0ZSI6MzAwMDAwMDAwMDAwLCJ1cGRhdGUiOjEyMDAwMDAwMDAwMH19",
          "dependencies": [
            "aws_eip.nat_eip",
            "aws_internet_gateway.igw",
            "aws_nat_gateway.nat",
            "aws_subnet.public_1",
            "aws_vpc.main"
          ]
        }
      ]
    },
    {
      "mode": "managed",
      "type": "aws_route_table",
      "name": "public",
      "provider": "provider[\"registry.terraform.io/hashicorp/aws\"]",
      "instances": [
        {
          "schema_version": 0,
          "attributes": {
            "arn": "arn:aws:ec2:us-east-1:286053287583:route-table/rtb-05612b44503e63a33",
            "id": "rtb-05612b44503e63a33",
            "owner_id": "286053287583",
            "propagating_vgws": [],
            "route": [
              {
                "carrier_gateway_id": "",
                "cidr_block": "0.0.0.0/0",
                "core_network_arn": "",
                "destination_prefix_list_id": "",
                "egress_only_gateway_id": "",
                "gateway_id": "igw-0b0f595511f1fc930",
                "ipv6_cidr_block": "",
                "local_gateway_id": "",
                "nat_gateway_id": "",
                "network_interface_id": "",
                "transit_gateway_id": "",
                "vpc_endpoint_id": "",
                "vpc_peering_connection_id": ""
              }
            ],
            "tags": {
              "Env": "prod",
              "Name": "smartgia-prod-public-rt",
              "Owner": "SMARTGIA",
              "Project": "smartgia"
            },
            "tags_all": {
              "Env": "prod",
              "Name": "smartgia-prod-public-rt",
              "Owner": "SMARTGIA",
              "Project": "smartgia"
            },
            "timeouts": null,
            "vpc_id": "vpc-08cf8fb39b04be9f1"
          },
          "sensitive_attributes": [],
          "identity_schema_version": 0,
          "private": "eyJlMmJmYjczMC1lY2FhLTExZTYtOGY4OC0zNDM2M2JjN2M0YzAiOnsiY3JlYXRlIjozMDAwMDAwMDAwMDAsImRlbGV0ZSI6MzAwMDAwMDAwMDAwLCJ1cGRhdGUiOjEyMDAwMDAwMDAwMH19",
          "dependencies": [
            "aws_internet_gateway.igw",
            "aws_vpc.main"
          ]
        }
      ]
    },
    {
      "mode": "managed",
      "type": "aws_route_table_association",
      "name": "private_1",
      "provider": "provider[\"registry.terraform.io/hashicorp/aws\"]",
      "instances": [
        {
          "schema_version": 0,
          "attributes": {
            "gateway_id": "",
            "id": "rtbassoc-0df903d05264df51d",
            "route_table_id": "rtb-0804060e93c3e3cc9",
            "subnet_id": "subnet-0435954b5356c30be",
            "timeouts": null
          },
          "sensitive_attributes": [],
          "identity_schema_version": 0,
          "private": "eyJlMmJmYjczMC1lY2FhLTExZTYtOGY4OC0zNDM2M2JjN2M0YzAiOnsiY3JlYXRlIjozMDAwMDAwMDAwMDAsImRlbGV0ZSI6MzAwMDAwMDAwMDAwLCJ1cGRhdGUiOjEyMDAwMDAwMDAwMH19",
          "dependencies": [
            "aws_eip.nat_eip",
            "aws_internet_gateway.igw",
            "aws_nat_gateway.nat",
            "aws_route_table.private",
            "aws_subnet.private_1",
            "aws_subnet.public_1",
            "aws_vpc.main"
          ]
        }
      ]
    },
    {
      "mode": "managed",
      "type": "aws_route_table_association",
      "name": "private_2",
      "provider": "provider[\"registry.terraform.io/hashicorp/aws\"]",
      "instances": [
        {
          "schema_version": 0,
          "attributes": {
            "gateway_id": "",
            "id": "rtbassoc-045a12f09e1226907",
            "route_table_id": "rtb-0804060e93c3e3cc9",
            "subnet_id": "subnet-00489ab3e0639029c",
            "timeouts": null
          },
          "sensitive_attributes": [],
          "identity_schema_version": 0,
          "private": "eyJlMmJmYjczMC1lY2FhLTExZTYtOGY4OC0zNDM2M2JjN2M0YzAiOnsiY3JlYXRlIjozMDAwMDAwMDAwMDAsImRlbGV0ZSI6MzAwMDAwMDAwMDAwLCJ1cGRhdGUiOjEyMDAwMDAwMDAwMH19",
          "dependencies": [
            "aws_eip.nat_eip",
            "aws_internet_gateway.igw",
            "aws_nat_gateway.nat",
            "aws_route_table.private",
            "aws_subnet.private_2",
            "aws_subnet.public_1",
            "aws_vpc.main"
          ]
        }
      ]
    },
    {
      "mode": "managed",
      "type": "aws_route_table_association",
      "name": "public_1",
      "provider": "provider[\"registry.terraform.io/hashicorp/aws\"]",
      "instances": [
        {
          "schema_version": 0,
          "attributes": {
            "gateway_id": "",
            "id": "rtbassoc-023823b776075fbb0",
            "route_table_id": "rtb-05612b44503e63a33",
            "subnet_id": "subnet-023c5d3f863f9c89f",
            "timeouts": null
          },
          "sensitive_attributes": [],
          "identity_schema_version": 0,
          "private": "eyJlMmJmYjczMC1lY2FhLTExZTYtOGY4OC0zNDM2M2JjN2M0YzAiOnsiY3JlYXRlIjozMDAwMDAwMDAwMDAsImRlbGV0ZSI6MzAwMDAwMDAwMDAwLCJ1cGRhdGUiOjEyMDAwMDAwMDAwMH19",
          "dependencies": [
            "aws_internet_gateway.igw",
            "aws_route_table.public",
            "aws_subnet.public_1",
            "aws_vpc.main"
          ]
        }
      ]
    },
    {
      "mode": "managed",
      "type": "aws_route_table_association",
      "name": "public_2",
      "provider": "provider[\"registry.terraform.io/hashicorp/aws\"]",
      "instances": [
        {
          "schema_version": 0,
          "attributes": {
            "gateway_id": "",
            "id": "rtbassoc-0eb027ae6165b39e1",
            "route_table_id": "rtb-05612b44503e63a33",
            "subnet_id": "subnet-0d8d4df00416ff488",
            "timeouts": null
          },
          "sensitive_attributes": [],
          "identity_schema_version": 0,
          "private": "eyJlMmJmYjczMC1lY2FhLTExZTYtOGY4OC0zNDM2M2JjN2M0YzAiOnsiY3JlYXRlIjozMDAwMDAwMDAwMDAsImRlbGV0ZSI6MzAwMDAwMDAwMDAwLCJ1cGRhdGUiOjEyMDAwMDAwMDAwMH19",
          "dependencies": [
            "aws_internet_gateway.igw",
            "aws_route_table.public",
            "aws_subnet.public_2",
            "aws_vpc.main"
          ]
        }
      ]
    },
    {
      "mode": "managed",
      "type": "aws_security_group",
      "name": "alb_sg",
      "provider": "provider[\"registry.terraform.io/hashicorp/aws\"]",
      "instances": [
        {
          "schema_version": 1,
          "attributes": {
            "arn": "arn:aws:ec2:us-east-1:286053287583:security-group/sg-0c2618e33392989f3",
            "description": "Allow HTTP/HTTPS inbound traffic",
            "egress": [
              {
                "cidr_blocks": [
                  "0.0.0.0/0"
                ],
                "description": "Allow all outbound",
                "from_port": 0,
                "ipv6_cidr_blocks": [],
                "prefix_list_ids": [],
                "protocol": "-1",
                "security_groups": [],
                "self": false,
                "to_port": 0
              }
            ],
            "id": "sg-0c2618e33392989f3",
            "ingress": [
              {
                "cidr_blocks": [
                  "0.0.0.0/0"
                ],
                "description": "HTTP",
                "from_port": 80,
                "ipv6_cidr_blocks": [],
                "prefix_list_ids": [],
                "protocol": "tcp",
                "security_groups": [],
                "self": false,
                "to_port": 80
              },
              {
                "cidr_blocks": [
                  "0.0.0.0/0"
                ],
                "description": "HTTPS",
                "from_port": 443,
                "ipv6_cidr_blocks": [],
                "prefix_list_ids": [],
                "protocol": "tcp",
                "security_groups": [],
                "self": false,
                "to_port": 443
              }
            ],
            "name": "smartgia-alb-sg",
            "name_prefix": "",
            "owner_id": "286053287583",
            "revoke_rules_on_delete": false,
            "tags": {
              "Env": "prod",
              "Name": "smartgia-alb-sg",
              "Owner": "SMARTGIA",
              "Project": "smartgia"
            },
            "tags_all": {
              "Env": "prod",
              "Name": "smartgia-alb-sg",
              "Owner": "SMARTGIA",
              "Project": "smartgia"
            },
            "timeouts": null,
            "vpc_id": "vpc-08cf8fb39b04be9f1"
          },
          "sensitive_attributes": [],
          "identity_schema_version": 0,
          "private": "eyJlMmJmYjczMC1lY2FhLTExZTYtOGY4OC0zNDM2M2JjN2M0YzAiOnsiY3JlYXRlIjo2MDAwMDAwMDAwMDAsImRlbGV0ZSI6OTAwMDAwMDAwMDAwfSwic2NoZW1hX3ZlcnNpb24iOiIxIn0=",
          "dependencies": [
            "aws_vpc.main"
          ],
          "create_before_destroy": true
        }
      ]
    },
    {
      "mode": "managed",
      "type": "aws_security_group",
      "name": "bastion_sg",
      "provider": "provider[\"registry.terraform.io/hashicorp/aws\"]",
      "instances": [
        {
          "schema_version": 1,
          "attributes": {
            "arn": "arn:aws:ec2:us-east-1:286053287583:security-group/sg-0a91eccf56a73e8f3",
            "description": "SSH access to Bastion Host",
            "egress": [
              {
                "cidr_blocks": [
                  "0.0.0.0/0"
                ],
                "description": "Allow all outbound",
                "from_port": 0,
                "ipv6_cidr_blocks": [],
                "prefix_list_ids": [],
                "protocol": "-1",
                "security_groups": [],
                "self": false,
                "to_port": 0
              }
            ],
            "id": "sg-0a91eccf56a73e8f3",
            "ingress": [
              {
                "cidr_blocks": [
                  "18.206.107.24/29",
                  "18.206.107.32/29",
                  "18.206.107.40/29",
                  "18.206.107.48/29"
                ],
                "description": "SSH from EC2 Instance Connect us-east-1",
                "from_port": 22,
                "ipv6_cidr_blocks": [],
                "prefix_list_ids": [],
                "protocol": "tcp",
                "security_groups": [],
                "self": false,
                "to_port": 22
              },
              {
                "cidr_blocks": [
                  "181.199.46.135/32"
                ],
                "description": "SSH from my IP (secondary)",
                "from_port": 22,
                "ipv6_cidr_blocks": [],
                "prefix_list_ids": [],
                "protocol": "tcp",
                "security_groups": [],
                "self": false,
                "to_port": 22
              },
              {
                "cidr_blocks": [
                  "181.199.58.240/32"
                ],
                "description": "SSH from my IP (current)",
                "from_port": 22,
                "ipv6_cidr_blocks": [],
                "prefix_list_ids": [],
                "protocol": "tcp",
                "security_groups": [],
                "self": false,
                "to_port": 22
              }
            ],
            "name": "smartgia-prod-bastion-sg",
            "name_prefix": "",
            "owner_id": "286053287583",
            "revoke_rules_on_delete": false,
            "tags": {
              "Env": "prod",
              "Name": "smartgia-prod-bastion-sg",
              "Owner": "SMARTGIA",
              "Project": "smartgia"
            },
            "tags_all": {
              "Env": "prod",
              "Name": "smartgia-prod-bastion-sg",
              "Owner": "SMARTGIA",
              "Project": "smartgia"
            },
            "timeouts": null,
            "vpc_id": "vpc-08cf8fb39b04be9f1"
          },
          "sensitive_attributes": [],
          "identity_schema_version": 0,
          "private": "eyJlMmJmYjczMC1lY2FhLTExZTYtOGY4OC0zNDM2M2JjN2M0YzAiOnsiY3JlYXRlIjo2MDAwMDAwMDAwMDAsImRlbGV0ZSI6OTAwMDAwMDAwMDAwfSwic2NoZW1hX3ZlcnNpb24iOiIxIn0=",
          "dependencies": [
            "aws_vpc.main"
          ],
          "create_before_destroy": true
        }
      ]
    },
    {
      "mode": "managed",
      "type": "aws_security_group",
      "name": "private_sg",
      "provider": "provider[\"registry.terraform.io/hashicorp/aws\"]",
      "instances": [
        {
          "schema_version": 1,
          "attributes": {
            "arn": "arn:aws:ec2:us-east-1:286053287583:security-group/sg-06fe6bd2f33276a9a",
            "description": "Allow SSH from Bastion + HTTP from ALB",
            "egress": [
              {
                "cidr_blocks": [
                  "0.0.0.0/0"
                ],
                "description": "Allow all outbound",
                "from_port": 0,
                "ipv6_cidr_blocks": [],
                "prefix_list_ids": [],
                "protocol": "-1",
                "security_groups": [],
                "self": false,
                "to_port": 0
              }
            ],
            "id": "sg-06fe6bd2f33276a9a",
            "ingress": [
              {
                "cidr_blocks": [],
                "description": "HTTP from ALB",
                "from_port": 80,
                "ipv6_cidr_blocks": [],
                "prefix_list_ids": [],
                "protocol": "tcp",
                "security_groups": [
                  "sg-0c2618e33392989f3"
                ],
                "self": false,
                "to_port": 80
              },
              {
                "cidr_blocks": [],
                "description": "SSH from Bastion",
                "from_port": 22,
                "ipv6_cidr_blocks": [],
                "prefix_list_ids": [],
                "protocol": "tcp",
                "security_groups": [
                  "sg-0a91eccf56a73e8f3"
                ],
                "self": false,
                "to_port": 22
              }
            ],
            "name": "smartgia-prod-private-sg-20260122212137851900000002",
            "name_prefix": "smartgia-prod-private-sg-",
            "owner_id": "286053287583",
            "revoke_rules_on_delete": false,
            "tags": {
              "Env": "prod",
              "Name": "smartgia-prod-private-sg",
              "Owner": "SMARTGIA",
              "Project": "smartgia"
            },
            "tags_all": {
              "Env": "prod",
              "Name": "smartgia-prod-private-sg",
              "Owner": "SMARTGIA",
              "Project": "smartgia"
            },
            "timeouts": null,
            "vpc_id": "vpc-08cf8fb39b04be9f1"
          },
          "sensitive_attributes": [],
          "identity_schema_version": 0,
          "private": "eyJlMmJmYjczMC1lY2FhLTExZTYtOGY4OC0zNDM2M2JjN2M0YzAiOnsiY3JlYXRlIjo2MDAwMDAwMDAwMDAsImRlbGV0ZSI6OTAwMDAwMDAwMDAwfSwic2NoZW1hX3ZlcnNpb24iOiIxIn0=",
          "dependencies": [
            "aws_security_group.alb_sg",
            "aws_security_group.bastion_sg",
            "aws_vpc.main"
          ],
          "create_before_destroy": true
        }
      ]
    },
    {
      "mode": "managed",
      "type": "aws_subnet",
      "name": "private_1",
      "provider": "provider[\"registry.terraform.io/hashicorp/aws\"]",
      "instances": [
        {
          "schema_version": 1,
          "attributes": {
            "arn": "arn:aws:ec2:us-east-1:286053287583:subnet/subnet-0435954b5356c30be",
            "assign_ipv6_address_on_creation": false,
            "availability_zone": "us-east-1a",
            "availability_zone_id": "use1-az1",
            "cidr_block": "10.20.11.0/24",
            "customer_owned_ipv4_pool": "",
            "enable_dns64": false,
            "enable_lni_at_device_index": 0,
            "enable_resource_name_dns_a_record_on_launch": false,
            "enable_resource_name_dns_aaaa_record_on_launch": false,
            "id": "subnet-0435954b5356c30be",
            "ipv6_cidr_block": "",
            "ipv6_cidr_block_association_id": "",
            "ipv6_native": false,
            "map_customer_owned_ip_on_launch": false,
            "map_public_ip_on_launch": false,
            "outpost_arn": "",
            "owner_id": "286053287583",
            "private_dns_hostname_type_on_launch": "ip-name",
            "tags": {
              "Env": "prod",
              "Name": "smartgia-prod-private-1",
              "Owner": "SMARTGIA",
              "Project": "smartgia"
            },
            "tags_all": {
              "Env": "prod",
              "Name": "smartgia-prod-private-1",
              "Owner": "SMARTGIA",
              "Project": "smartgia"
            },
            "timeouts": null,
            "vpc_id": "vpc-08cf8fb39b04be9f1"
          },
          "sensitive_attributes": [],
          "identity_schema_version": 0,
          "private": "eyJlMmJmYjczMC1lY2FhLTExZTYtOGY4OC0zNDM2M2JjN2M0YzAiOnsiY3JlYXRlIjo2MDAwMDAwMDAwMDAsImRlbGV0ZSI6MTIwMDAwMDAwMDAwMH0sInNjaGVtYV92ZXJzaW9uIjoiMSJ9",
          "dependencies": [
            "aws_vpc.main"
          ],
          "create_before_destroy": true
        }
      ]
    },
    {
      "mode": "managed",
      "type": "aws_subnet",
      "name": "private_2",
      "provider": "provider[\"registry.terraform.io/hashicorp/aws\"]",
      "instances": [
        {
          "schema_version": 1,
          "attributes": {
            "arn": "arn:aws:ec2:us-east-1:286053287583:subnet/subnet-00489ab3e0639029c",
            "assign_ipv6_address_on_creation": false,
            "availability_zone": "us-east-1b",
            "availability_zone_id": "use1-az2",
            "cidr_block": "10.20.12.0/24",
            "customer_owned_ipv4_pool": "",
            "enable_dns64": false,
            "enable_lni_at_device_index": 0,
            "enable_resource_name_dns_a_record_on_launch": false,
            "enable_resource_name_dns_aaaa_record_on_launch": false,
            "id": "subnet-00489ab3e0639029c",
            "ipv6_cidr_block": "",
            "ipv6_cidr_block_association_id": "",
            "ipv6_native": false,
            "map_customer_owned_ip_on_launch": false,
            "map_public_ip_on_launch": false,
            "outpost_arn": "",
            "owner_id": "286053287583",
            "private_dns_hostname_type_on_launch": "ip-name",
            "tags": {
              "Env": "prod",
              "Name": "smartgia-prod-private-2",
              "Owner": "SMARTGIA",
              "Project": "smartgia"
            },
            "tags_all": {
              "Env": "prod",
              "Name": "smartgia-prod-private-2",
              "Owner": "SMARTGIA",
              "Project": "smartgia"
            },
            "timeouts": null,
            "vpc_id": "vpc-08cf8fb39b04be9f1"
          },
          "sensitive_attributes": [],
          "identity_schema_version": 0,
          "private": "eyJlMmJmYjczMC1lY2FhLTExZTYtOGY4OC0zNDM2M2JjN2M0YzAiOnsiY3JlYXRlIjo2MDAwMDAwMDAwMDAsImRlbGV0ZSI6MTIwMDAwMDAwMDAwMH0sInNjaGVtYV92ZXJzaW9uIjoiMSJ9",
          "dependencies": [
            "aws_vpc.main"
          ],
          "create_before_destroy": true
        }
      ]
    },
    {
      "mode": "managed",
      "type": "aws_subnet",
      "name": "public_1",
      "provider": "provider[\"registry.terraform.io/hashicorp/aws\"]",
      "instances": [
        {
          "schema_version": 1,
          "attributes": {
            "arn": "arn:aws:ec2:us-east-1:286053287583:subnet/subnet-023c5d3f863f9c89f",
            "assign_ipv6_address_on_creation": false,
            "availability_zone": "us-east-1a",
            "availability_zone_id": "use1-az1",
            "cidr_block": "10.20.1.0/24",
            "customer_owned_ipv4_pool": "",
            "enable_dns64": false,
            "enable_lni_at_device_index": 0,
            "enable_resource_name_dns_a_record_on_launch": false,
            "enable_resource_name_dns_aaaa_record_on_launch": false,
            "id": "subnet-023c5d3f863f9c89f",
            "ipv6_cidr_block": "",
            "ipv6_cidr_block_association_id": "",
            "ipv6_native": false,
            "map_customer_owned_ip_on_launch": false,
            "map_public_ip_on_launch": true,
            "outpost_arn": "",
            "owner_id": "286053287583",
            "private_dns_hostname_type_on_launch": "ip-name",
            "tags": {
              "Env": "prod",
              "Name": "smartgia-prod-public-1",
              "Owner": "SMARTGIA",
              "Project": "smartgia"
            },
            "tags_all": {
              "Env": "prod",
              "Name": "smartgia-prod-public-1",
              "Owner": "SMARTGIA",
              "Project": "smartgia"
            },
            "timeouts": null,
            "vpc_id": "vpc-08cf8fb39b04be9f1"
          },
          "sensitive_attributes": [],
          "identity_schema_version": 0,
          "private": "eyJlMmJmYjczMC1lY2FhLTExZTYtOGY4OC0zNDM2M2JjN2M0YzAiOnsiY3JlYXRlIjo2MDAwMDAwMDAwMDAsImRlbGV0ZSI6MTIwMDAwMDAwMDAwMH0sInNjaGVtYV92ZXJzaW9uIjoiMSJ9",
          "dependencies": [
            "aws_vpc.main"
          ]
        }
      ]
    },
    {
      "mode": "managed",
      "type": "aws_subnet",
      "name": "public_2",
      "provider": "provider[\"registry.terraform.io/hashicorp/aws\"]",
      "instances": [
        {
          "schema_version": 1,
          "attributes": {
            "arn": "arn:aws:ec2:us-east-1:286053287583:subnet/subnet-0d8d4df00416ff488",
            "assign_ipv6_address_on_creation": false,
            "availability_zone": "us-east-1b",
            "availability_zone_id": "use1-az2",
            "cidr_block": "10.20.2.0/24",
            "customer_owned_ipv4_pool": "",
            "enable_dns64": false,
            "enable_lni_at_device_index": 0,
            "enable_resource_name_dns_a_record_on_launch": false,
            "enable_resource_name_dns_aaaa_record_on_launch": false,
            "id": "subnet-0d8d4df00416ff488",
            "ipv6_cidr_block": "",
            "ipv6_cidr_block_association_id": "",
            "ipv6_native": false,
            "map_customer_owned_ip_on_launch": false,
            "map_public_ip_on_launch": true,
            "outpost_arn": "",
            "owner_id": "286053287583",
            "private_dns_hostname_type_on_launch": "ip-name",
            "tags": {
              "Env": "prod",
              "Name": "smartgia-prod-public-2",
              "Owner": "SMARTGIA",
              "Project": "smartgia"
            },
            "tags_all": {
              "Env": "prod",
              "Name": "smartgia-prod-public-2",
              "Owner": "SMARTGIA",
              "Project": "smartgia"
            },
            "timeouts": null,
            "vpc_id": "vpc-08cf8fb39b04be9f1"
          },
          "sensitive_attributes": [],
          "identity_schema_version": 0,
          "private": "eyJlMmJmYjczMC1lY2FhLTExZTYtOGY4OC0zNDM2M2JjN2M0YzAiOnsiY3JlYXRlIjo2MDAwMDAwMDAwMDAsImRlbGV0ZSI6MTIwMDAwMDAwMDAwMH0sInNjaGVtYV92ZXJzaW9uIjoiMSJ9",
          "dependencies": [
            "aws_vpc.main"
          ]
        }
      ]
    },
    {
      "mode": "managed",
      "type": "aws_vpc",
      "name": "main",
      "provider": "provider[\"registry.terraform.io/hashicorp/aws\"]",
      "instances": [
        {
          "schema_version": 1,
          "attributes": {
            "arn": "arn:aws:ec2:us-east-1:286053287583:vpc/vpc-08cf8fb39b04be9f1",
            "assign_generated_ipv6_cidr_block": false,
            "cidr_block": "10.20.0.0/16",
            "default_network_acl_id": "acl-036cb955304c5ec28",
            "default_route_table_id": "rtb-04b3495677b856e44",
            "default_security_group_id": "sg-04a7bbfd72e353374",
            "dhcp_options_id": "dopt-028dca79d0a739f38",
            "enable_dns_hostnames": true,
            "enable_dns_support": true,
            "enable_network_address_usage_metrics": false,
            "id": "vpc-08cf8fb39b04be9f1",
            "instance_tenancy": "default",
            "ipv4_ipam_pool_id": null,
            "ipv4_netmask_length": null,
            "ipv6_association_id": "",
            "ipv6_cidr_block": "",
            "ipv6_cidr_block_network_border_group": "",
            "ipv6_ipam_pool_id": "",
            "ipv6_netmask_length": 0,
            "main_route_table_id": "rtb-04b3495677b856e44",
            "owner_id": "286053287583",
            "tags": {
              "Env": "prod",
              "Name": "smartgia-prod-vpc",
              "Owner": "SMARTGIA",
              "Project": "smartgia"
            },
            "tags_all": {
              "Env": "prod",
              "Name": "smartgia-prod-vpc",
              "Owner": "SMARTGIA",
              "Project": "smartgia"
            }
          },
          "sensitive_attributes": [],
          "identity_schema_version": 0,
          "private": "eyJzY2hlbWFfdmVyc2lvbiI6IjEifQ==",
          "create_before_destroy": true
        }
      ]
    }
  ],
  "check_results": null
}
